// !$*UTF8*$!
{
	archiveVersion = 1;
	classes = {
	};
	objectVersion = 56;
	objects = {

/* Begin PBXBuildFile section */
		2B61F9E72B3C54A5003A4340 /* ProductViewController.m in Sources */ = {isa = PBXBuildFile; fileRef = 2B61F9E52B3C54A5003A4340 /* ProductViewController.m */; };
		2B64FB1A2B18824D0081445E /* AppDelegate.m in Sources */ = {isa = PBXBuildFile; fileRef = 2B64FB192B18824D0081445E /* AppDelegate.m */; };
		2B64FB1D2B18824D0081445E /* SceneDelegate.m in Sources */ = {isa = PBXBuildFile; fileRef = 2B64FB1C2B18824D0081445E /* SceneDelegate.m */; };
		2B64FB202B18824D0081445E /* ViewController.m in Sources */ = {isa = PBXBuildFile; fileRef = 2B64FB1F2B18824D0081445E /* ViewController.m */; };
		2B64FB232B18824D0081445E /* Main.storyboard in Resources */ = {isa = PBXBuildFile; fileRef = 2B64FB212B18824D0081445E /* Main.storyboard */; };
		2B64FB252B1882500081445E /* Assets.xcassets in Resources */ = {isa = PBXBuildFile; fileRef = 2B64FB242B1882500081445E /* Assets.xcassets */; };
		2B64FB282B1882500081445E /* LaunchScreen.storyboard in Resources */ = {isa = PBXBuildFile; fileRef = 2B64FB262B1882500081445E /* LaunchScreen.storyboard */; };
		2B64FB2B2B1882500081445E /* main.m in Sources */ = {isa = PBXBuildFile; fileRef = 2B64FB2A2B1882500081445E /* main.m */; };
		2B64FB332B18AFAD0081445E /* WebViewController.m in Sources */ = {isa = PBXBuildFile; fileRef = 2B64FB322B18AFAD0081445E /* WebViewController.m */; };
		2BA3D8FA2B1DA7960081A906 /* NavigationController.m in Sources */ = {isa = PBXBuildFile; fileRef = 2BA3D8F92B1DA7960081A906 /* NavigationController.m */; };
		C8E1D42FB6883F567F189F52 /* Pods_EcommerceViewer.framework in Frameworks */ = {isa = PBXBuildFile; fileRef = F52266CE4812AD6927BDC234 /* Pods_EcommerceViewer.framework */; };
/* End PBXBuildFile section */

/* Begin PBXFileReference section */
		2B61F9E52B3C54A5003A4340 /* ProductViewController.m */ = {isa = PBXFileReference; fileEncoding = 4; lastKnownFileType = sourcecode.c.objc; path = ProductViewController.m; sourceTree = "<group>"; };
		2B61F9E62B3C54A5003A4340 /* ProductViewController.h */ = {isa = PBXFileReference; fileEncoding = 4; lastKnownFileType = sourcecode.c.h; path = ProductViewController.h; sourceTree = "<group>"; };
		2B64FB152B18824D0081445E /* EcommerceViewer.app */ = {isa = PBXFileReference; explicitFileType = wrapper.application; includeInIndex = 0; path = EcommerceViewer.app; sourceTree = BUILT_PRODUCTS_DIR; };
		2B64FB182B18824D0081445E /* AppDelegate.h */ = {isa = PBXFileReference; lastKnownFileType = sourcecode.c.h; path = AppDelegate.h; sourceTree = "<group>"; };
		2B64FB192B18824D0081445E /* AppDelegate.m */ = {isa = PBXFileReference; lastKnownFileType = sourcecode.c.objc; path = AppDelegate.m; sourceTree = "<group>"; };
		2B64FB1B2B18824D0081445E /* SceneDelegate.h */ = {isa = PBXFileReference; lastKnownFileType = sourcecode.c.h; path = SceneDelegate.h; sourceTree = "<group>"; };
		2B64FB1C2B18824D0081445E /* SceneDelegate.m */ = {isa = PBXFileReference; lastKnownFileType = sourcecode.c.objc; path = SceneDelegate.m; sourceTree = "<group>"; };
		2B64FB1E2B18824D0081445E /* ViewController.h */ = {isa = PBXFileReference; lastKnownFileType = sourcecode.c.h; path = ViewController.h; sourceTree = "<group>"; };
		2B64FB1F2B18824D0081445E /* ViewController.m */ = {isa = PBXFileReference; lastKnownFileType = sourcecode.c.objc; path = ViewController.m; sourceTree = "<group>"; };
		2B64FB222B18824D0081445E /* Base */ = {isa = PBXFileReference; lastKnownFileType = file.storyboard; name = Base; path = Base.lproj/Main.storyboard; sourceTree = "<group>"; };
		2B64FB242B1882500081445E /* Assets.xcassets */ = {isa = PBXFileReference; lastKnownFileType = folder.assetcatalog; path = Assets.xcassets; sourceTree = "<group>"; };
		2B64FB272B1882500081445E /* Base */ = {isa = PBXFileReference; lastKnownFileType = file.storyboard; name = Base; path = Base.lproj/LaunchScreen.storyboard; sourceTree = "<group>"; };
		2B64FB292B1882500081445E /* Info.plist */ = {isa = PBXFileReference; lastKnownFileType = text.plist.xml; path = Info.plist; sourceTree = "<group>"; };
		2B64FB2A2B1882500081445E /* main.m */ = {isa = PBXFileReference; lastKnownFileType = sourcecode.c.objc; path = main.m; sourceTree = "<group>"; };
		2B64FB312B18AFAD0081445E /* WebViewController.h */ = {isa = PBXFileReference; lastKnownFileType = sourcecode.c.h; path = WebViewController.h; sourceTree = "<group>"; };
		2B64FB322B18AFAD0081445E /* WebViewController.m */ = {isa = PBXFileReference; lastKnownFileType = sourcecode.c.objc; path = WebViewController.m; sourceTree = "<group>"; };
		2BA3D8F82B1DA7960081A906 /* NavigationController.h */ = {isa = PBXFileReference; fileEncoding = 4; lastKnownFileType = sourcecode.c.h; path = NavigationController.h; sourceTree = "<group>"; };
		2BA3D8F92B1DA7960081A906 /* NavigationController.m */ = {isa = PBXFileReference; fileEncoding = 4; lastKnownFileType = sourcecode.c.objc; path = NavigationController.m; sourceTree = "<group>"; };
		616FF0FEFF52D3C2B1881929 /* Pods-EcommerceViewer.release.xcconfig */ = {isa = PBXFileReference; includeInIndex = 1; lastKnownFileType = text.xcconfig; name = "Pods-EcommerceViewer.release.xcconfig"; path = "Target Support Files/Pods-EcommerceViewer/Pods-EcommerceViewer.release.xcconfig"; sourceTree = "<group>"; };
		E9004ED693C1DA3C4F24CE76 /* Pods-EcommerceViewer.debug.xcconfig */ = {isa = PBXFileReference; includeInIndex = 1; lastKnownFileType = text.xcconfig; name = "Pods-EcommerceViewer.debug.xcconfig"; path = "Target Support Files/Pods-EcommerceViewer/Pods-EcommerceViewer.debug.xcconfig"; sourceTree = "<group>"; };
		F52266CE4812AD6927BDC234 /* Pods_EcommerceViewer.framework */ = {isa = PBXFileReference; explicitFileType = wrapper.framework; includeInIndex = 0; path = Pods_EcommerceViewer.framework; sourceTree = BUILT_PRODUCTS_DIR; };
/* End PBXFileReference section */

/* Begin PBXFrameworksBuildPhase section */
		2B64FB122B18824D0081445E /* Frameworks */ = {
			isa = PBXFrameworksBuildPhase;
			buildActionMask = 2147483647;
			files = (
				C8E1D42FB6883F567F189F52 /* Pods_EcommerceViewer.framework in Frameworks */,
			);
			runOnlyForDeploymentPostprocessing = 0;
		};
/* End PBXFrameworksBuildPhase section */

/* Begin PBXGroup section */
		2B64FB0C2B18824D0081445E = {
			isa = PBXGroup;
			children = (
				2B64FB172B18824D0081445E /* EcommerceViewer */,
				2B64FB162B18824D0081445E /* Products */,
				5A83BCDEED3797D498D08C82 /* Pods */,
				9F27F7255BC5E9F1BE571AFA /* Frameworks */,
			);
			sourceTree = "<group>";
		};
		2B64FB162B18824D0081445E /* Products */ = {
			isa = PBXGroup;
			children = (
				2B64FB152B18824D0081445E /* EcommerceViewer.app */,
			);
			name = Products;
			sourceTree = "<group>";
		};
		2B64FB172B18824D0081445E /* EcommerceViewer */ = {
			isa = PBXGroup;
			children = (
				2BA3D8F82B1DA7960081A906 /* NavigationController.h */,
				2BA3D8F92B1DA7960081A906 /* NavigationController.m */,
				2B64FB182B18824D0081445E /* AppDelegate.h */,
				2B64FB192B18824D0081445E /* AppDelegate.m */,
				2B64FB1B2B18824D0081445E /* SceneDelegate.h */,
				2B64FB1C2B18824D0081445E /* SceneDelegate.m */,
				2B64FB1E2B18824D0081445E /* ViewController.h */,
				2B64FB1F2B18824D0081445E /* ViewController.m */,
				2B61F9E62B3C54A5003A4340 /* ProductViewController.h */,
				2B61F9E52B3C54A5003A4340 /* ProductViewController.m */,
				2B64FB312B18AFAD0081445E /* WebViewController.h */,
				2B64FB322B18AFAD0081445E /* WebViewController.m */,
				2B64FB212B18824D0081445E /* Main.storyboard */,
				2B64FB242B1882500081445E /* Assets.xcassets */,
				2B64FB262B1882500081445E /* LaunchScreen.storyboard */,
				2B64FB292B1882500081445E /* Info.plist */,
				2B64FB2A2B1882500081445E /* main.m */,
			);
			path = EcommerceViewer;
			sourceTree = "<group>";
		};
		5A83BCDEED3797D498D08C82 /* Pods */ = {
			isa = PBXGroup;
			children = (
				E9004ED693C1DA3C4F24CE76 /* Pods-EcommerceViewer.debug.xcconfig */,
				616FF0FEFF52D3C2B1881929 /* Pods-EcommerceViewer.release.xcconfig */,
			);
			path = Pods;
			sourceTree = "<group>";
		};
		9F27F7255BC5E9F1BE571AFA /* Frameworks */ = {
			isa = PBXGroup;
			children = (
				F52266CE4812AD6927BDC234 /* Pods_EcommerceViewer.framework */,
			);
			name = Frameworks;
			sourceTree = "<group>";
		};
/* End PBXGroup section */

/* Begin PBXNativeTarget section */
		2B64FB142B18824D0081445E /* EcommerceViewer */ = {
			isa = PBXNativeTarget;
			buildConfigurationList = 2B64FB2E2B1882500081445E /* Build configuration list for PBXNativeTarget "EcommerceViewer" */;
			buildPhases = (
				B27811E98B5BA84ED597EE11 /* [CP] Check Pods Manifest.lock */,
				0F8784B148BF2AB78A6A7794 /* [CP-User] Hummer-before-hooks */,
				2B64FB112B18824D0081445E /* Sources */,
				2B64FB122B18824D0081445E /* Frameworks */,
				2B64FB132B18824D0081445E /* Resources */,
				EDC67A48BB1B8905CA90DD53 /* [CP] Embed Pods Frameworks */,
				05944405B0D55A2A4AF5E046 /* [CP] Copy Pods Resources */,
				46EAF63141176D4F37D78619 /* [CP-User] Hummer-after-hooks */,
			);
			buildRules = (
			);
			dependencies = (
			);
			name = EcommerceViewer;
			productName = EcommerceViewer;
			productReference = 2B64FB152B18824D0081445E /* EcommerceViewer.app */;
			productType = "com.apple.product-type.application";
		};
/* End PBXNativeTarget section */

/* Begin PBXProject section */
		2B64FB0D2B18824D0081445E /* Project object */ = {
			isa = PBXProject;
			attributes = {
				BuildIndependentTargetsInParallel = 1;
				LastUpgradeCheck = 1500;
				TargetAttributes = {
					2B64FB142B18824D0081445E = {
						CreatedOnToolsVersion = 15.0.1;
					};
				};
			};
			buildConfigurationList = 2B64FB102B18824D0081445E /* Build configuration list for PBXProject "EcommerceViewer" */;
			compatibilityVersion = "Xcode 14.0";
			developmentRegion = en;
			hasScannedForEncodings = 0;
			knownRegions = (
				en,
				Base,
			);
			mainGroup = 2B64FB0C2B18824D0081445E;
			productRefGroup = 2B64FB162B18824D0081445E /* Products */;
			projectDirPath = "";
			projectRoot = "";
			targets = (
				2B64FB142B18824D0081445E /* EcommerceViewer */,
			);
		};
/* End PBXProject section */

/* Begin PBXResourcesBuildPhase section */
		2B64FB132B18824D0081445E /* Resources */ = {
			isa = PBXResourcesBuildPhase;
			buildActionMask = 2147483647;
			files = (
				2B64FB282B1882500081445E /* LaunchScreen.storyboard in Resources */,
				2B64FB252B1882500081445E /* Assets.xcassets in Resources */,
				2B64FB232B18824D0081445E /* Main.storyboard in Resources */,
			);
			runOnlyForDeploymentPostprocessing = 0;
		};
/* End PBXResourcesBuildPhase section */

/* Begin PBXShellScriptBuildPhase section */
		05944405B0D55A2A4AF5E046 /* [CP] Copy Pods Resources */ = {
			isa = PBXShellScriptBuildPhase;
			buildActionMask = 2147483647;
			files = (
			);
			inputFileListPaths = (
				"${PODS_ROOT}/Target Support Files/Pods-EcommerceViewer/Pods-EcommerceViewer-resources-${CONFIGURATION}-input-files.xcfilelist",
			);
			name = "[CP] Copy Pods Resources";
			outputFileListPaths = (
				"${PODS_ROOT}/Target Support Files/Pods-EcommerceViewer/Pods-EcommerceViewer-resources-${CONFIGURATION}-output-files.xcfilelist",
			);
			runOnlyForDeploymentPostprocessing = 0;
			shellPath = /bin/sh;
			shellScript = "\"${PODS_ROOT}/Target Support Files/Pods-EcommerceViewer/Pods-EcommerceViewer-resources.sh\"\n";
			showEnvVarsInLog = 0;
		};
		0F8784B148BF2AB78A6A7794 /* [CP-User] Hummer-before-hooks */ = {
			isa = PBXShellScriptBuildPhase;
			buildActionMask = 2147483647;
			files = (
			);
			name = "[CP-User] Hummer-before-hooks";
			runOnlyForDeploymentPostprocessing = 0;
			shellPath = /bin/sh;
			shellScript = "if [ -f \"${PODS_ROOT}/hummer_before_hooks.sh\" ];then\n  bash \"${PODS_ROOT}/hummer_before_hooks.sh\"\nfi\n";
		};
		46EAF63141176D4F37D78619 /* [CP-User] Hummer-after-hooks */ = {
			isa = PBXShellScriptBuildPhase;
			buildActionMask = 2147483647;
			files = (
			);
			name = "[CP-User] Hummer-after-hooks";
			runOnlyForDeploymentPostprocessing = 0;
			shellPath = /bin/sh;
			shellScript = "if [ -f \"${PODS_ROOT}/hummer_after_hooks.sh\" ];then\n  bash \"${PODS_ROOT}/hummer_after_hooks.sh\"\nfi\n";
		};
		B27811E98B5BA84ED597EE11 /* [CP] Check Pods Manifest.lock */ = {
			isa = PBXShellScriptBuildPhase;
			buildActionMask = 2147483647;
			files = (
			);
			inputFileListPaths = (
			);
			inputPaths = (
				"${PODS_PODFILE_DIR_PATH}/Podfile.lock",
				"${PODS_ROOT}/Manifest.lock",
			);
			name = "[CP] Check Pods Manifest.lock";
			outputFileListPaths = (
			);
			outputPaths = (
				"$(DERIVED_FILE_DIR)/Pods-EcommerceViewer-checkManifestLockResult.txt",
			);
			runOnlyForDeploymentPostprocessing = 0;
			shellPath = /bin/sh;
			shellScript = "diff \"${PODS_PODFILE_DIR_PATH}/Podfile.lock\" \"${PODS_ROOT}/Manifest.lock\" > /dev/null\nif [ $? != 0 ] ; then\n    # print error to STDERR\n    echo \"error: The sandbox is not in sync with the Podfile.lock. Run 'pod install' or update your CocoaPods installation.\" >&2\n    exit 1\nfi\n# This output is used by Xcode 'outputs' to avoid re-running this script phase.\necho \"SUCCESS\" > \"${SCRIPT_OUTPUT_FILE_0}\"\n";
			showEnvVarsInLog = 0;
		};
		EDC67A48BB1B8905CA90DD53 /* [CP] Embed Pods Frameworks */ = {
			isa = PBXShellScriptBuildPhase;
			buildActionMask = 2147483647;
			files = (
			);
			inputFileListPaths = (
				"${PODS_ROOT}/Target Support Files/Pods-EcommerceViewer/Pods-EcommerceViewer-frameworks-${CONFIGURATION}-input-files.xcfilelist",
			);
			name = "[CP] Embed Pods Frameworks";
			outputFileListPaths = (
				"${PODS_ROOT}/Target Support Files/Pods-EcommerceViewer/Pods-EcommerceViewer-frameworks-${CONFIGURATION}-output-files.xcfilelist",
			);
			runOnlyForDeploymentPostprocessing = 0;
			shellPath = /bin/sh;
			shellScript = "\"${PODS_ROOT}/Target Support Files/Pods-EcommerceViewer/Pods-EcommerceViewer-frameworks.sh\"\n";
			showEnvVarsInLog = 0;
		};
/* End PBXShellScriptBuildPhase section */

/* Begin PBXSourcesBuildPhase section */
		2B64FB112B18824D0081445E /* Sources */ = {
			isa = PBXSourcesBuildPhase;
			buildActionMask = 2147483647;
			files = (
				2B64FB202B18824D0081445E /* ViewController.m in Sources */,
				2B64FB1A2B18824D0081445E /* AppDelegate.m in Sources */,
				2B64FB332B18AFAD0081445E /* WebViewController.m in Sources */,
				2BA3D8FA2B1DA7960081A906 /* NavigationController.m in Sources */,
				2B64FB2B2B1882500081445E /* main.m in Sources */,
				2B64FB1D2B18824D0081445E /* SceneDelegate.m in Sources */,
				2B61F9E72B3C54A5003A4340 /* ProductViewController.m in Sources */,
			);
			runOnlyForDeploymentPostprocessing = 0;
		};
/* End PBXSourcesBuildPhase section */

/* Begin PBXVariantGroup section */
		2B64FB212B18824D0081445E /* Main.storyboard */ = {
			isa = PBXVariantGroup;
			children = (
				2B64FB222B18824D0081445E /* Base */,
			);
			name = Main.storyboard;
			sourceTree = "<group>";
		};
		2B64FB262B1882500081445E /* LaunchScreen.storyboard */ = {
			isa = PBXVariantGroup;
			children = (
				2B64FB272B1882500081445E /* Base */,
			);
			name = LaunchScreen.storyboard;
			sourceTree = "<group>";
		};
/* End PBXVariantGroup section */

/* Begin XCBuildConfiguration section */
		2B64FB2C2B1882500081445E /* Debug */ = {
			isa = XCBuildConfiguration;
			buildSettings = {
				ALWAYS_SEARCH_USER_PATHS = NO;
				ASSETCATALOG_COMPILER_GENERATE_SWIFT_ASSET_SYMBOL_EXTENSIONS = YES;
				CLANG_ANALYZER_NONNULL = YES;
				CLANG_ANALYZER_NUMBER_OBJECT_CONVERSION = YES_AGGRESSIVE;
				CLANG_CXX_LANGUAGE_STANDARD = "gnu++20";
				CLANG_ENABLE_MODULES = YES;
				CLANG_ENABLE_OBJC_ARC = YES;
				CLANG_ENABLE_OBJC_WEAK = YES;
				CLANG_WARN_BLOCK_CAPTURE_AUTORELEASING = YES;
				CLANG_WARN_BOOL_CONVERSION = YES;
				CLANG_WARN_COMMA = YES;
				CLANG_WARN_CONSTANT_CONVERSION = YES;
				CLANG_WARN_DEPRECATED_OBJC_IMPLEMENTATIONS = YES;
				CLANG_WARN_DIRECT_OBJC_ISA_USAGE = YES_ERROR;
				CLANG_WARN_DOCUMENTATION_COMMENTS = YES;
				CLANG_WARN_EMPTY_BODY = YES;
				CLANG_WARN_ENUM_CONVERSION = YES;
				CLANG_WARN_INFINITE_RECURSION = YES;
				CLANG_WARN_INT_CONVERSION = YES;
				CLANG_WARN_NON_LITERAL_NULL_CONVERSION = YES;
				CLANG_WARN_OBJC_IMPLICIT_RETAIN_SELF = YES;
				CLANG_WARN_OBJC_LITERAL_CONVERSION = YES;
				CLANG_WARN_OBJC_ROOT_CLASS = YES_ERROR;
				CLANG_WARN_QUOTED_INCLUDE_IN_FRAMEWORK_HEADER = YES;
				CLANG_WARN_RANGE_LOOP_ANALYSIS = YES;
				CLANG_WARN_STRICT_PROTOTYPES = YES;
				CLANG_WARN_SUSPICIOUS_MOVE = YES;
				CLANG_WARN_UNGUARDED_AVAILABILITY = YES_AGGRESSIVE;
				CLANG_WARN_UNREACHABLE_CODE = YES;
				CLANG_WARN__DUPLICATE_METHOD_MATCH = YES;
				COPY_PHASE_STRIP = NO;
				DEBUG_INFORMATION_FORMAT = dwarf;
				ENABLE_STRICT_OBJC_MSGSEND = YES;
				ENABLE_TESTABILITY = YES;
				ENABLE_USER_SCRIPT_SANDBOXING = YES;
				GCC_C_LANGUAGE_STANDARD = gnu17;
				GCC_DYNAMIC_NO_PIC = NO;
				GCC_NO_COMMON_BLOCKS = YES;
				GCC_OPTIMIZATION_LEVEL = 0;
				GCC_PREPROCESSOR_DEFINITIONS = (
					"DEBUG=1",
					"$(inherited)",
				);
				GCC_WARN_64_TO_32_BIT_CONVERSION = YES;
				GCC_WARN_ABOUT_RETURN_TYPE = YES_ERROR;
				GCC_WARN_UNDECLARED_SELECTOR = YES;
				GCC_WARN_UNINITIALIZED_AUTOS = YES_AGGRESSIVE;
				GCC_WARN_UNUSED_FUNCTION = YES;
				GCC_WARN_UNUSED_VARIABLE = YES;
				IPHONEOS_DEPLOYMENT_TARGET = 11.0;
				LOCALIZATION_PREFERS_STRING_CATALOGS = YES;
				MTL_ENABLE_DEBUG_INFO = INCLUDE_SOURCE;
				MTL_FAST_MATH = YES;
				ONLY_ACTIVE_ARCH = YES;
				SDKROOT = iphoneos;
			};
			name = Debug;
		};
		2B64FB2D2B1882500081445E /* Release */ = {
			isa = XCBuildConfiguration;
			buildSettings = {
				ALWAYS_SEARCH_USER_PATHS = NO;
				ASSETCATALOG_COMPILER_GENERATE_SWIFT_ASSET_SYMBOL_EXTENSIONS = YES;
				CLANG_ANALYZER_NONNULL = YES;
				CLANG_ANALYZER_NUMBER_OBJECT_CONVERSION = YES_AGGRESSIVE;
				CLANG_CXX_LANGUAGE_STANDARD = "gnu++20";
				CLANG_ENABLE_MODULES = YES;
				CLANG_ENABLE_OBJC_ARC = YES;
				CLANG_ENABLE_OBJC_WEAK = YES;
				CLANG_WARN_BLOCK_CAPTURE_AUTORELEASING = YES;
				CLANG_WARN_BOOL_CONVERSION = YES;
				CLANG_WARN_COMMA = YES;
				CLANG_WARN_CONSTANT_CONVERSION = YES;
				CLANG_WARN_DEPRECATED_OBJC_IMPLEMENTATIONS = YES;
				CLANG_WARN_DIRECT_OBJC_ISA_USAGE = YES_ERROR;
				CLANG_WARN_DOCUMENTATION_COMMENTS = YES;
				CLANG_WARN_EMPTY_BODY = YES;
				CLANG_WARN_ENUM_CONVERSION = YES;
				CLANG_WARN_INFINITE_RECURSION = YES;
				CLANG_WARN_INT_CONVERSION = YES;
				CLANG_WARN_NON_LITERAL_NULL_CONVERSION = YES;
				CLANG_WARN_OBJC_IMPLICIT_RETAIN_SELF = YES;
				CLANG_WARN_OBJC_LITERAL_CONVERSION = YES;
				CLANG_WARN_OBJC_ROOT_CLASS = YES_ERROR;
				CLANG_WARN_QUOTED_INCLUDE_IN_FRAMEWORK_HEADER = YES;
				CLANG_WARN_RANGE_LOOP_ANALYSIS = YES;
				CLANG_WARN_STRICT_PROTOTYPES = YES;
				CLANG_WARN_SUSPICIOUS_MOVE = YES;
				CLANG_WARN_UNGUARDED_AVAILABILITY = YES_AGGRESSIVE;
				CLANG_WARN_UNREACHABLE_CODE = YES;
				CLANG_WARN__DUPLICATE_METHOD_MATCH = YES;
				COPY_PHASE_STRIP = NO;
				DEBUG_INFORMATION_FORMAT = "dwarf-with-dsym";
				ENABLE_NS_ASSERTIONS = NO;
				ENABLE_STRICT_OBJC_MSGSEND = YES;
				ENABLE_USER_SCRIPT_SANDBOXING = YES;
				GCC_C_LANGUAGE_STANDARD = gnu17;
				GCC_NO_COMMON_BLOCKS = YES;
				GCC_WARN_64_TO_32_BIT_CONVERSION = YES;
				GCC_WARN_ABOUT_RETURN_TYPE = YES_ERROR;
				GCC_WARN_UNDECLARED_SELECTOR = YES;
				GCC_WARN_UNINITIALIZED_AUTOS = YES_AGGRESSIVE;
				GCC_WARN_UNUSED_FUNCTION = YES;
				GCC_WARN_UNUSED_VARIABLE = YES;
				IPHONEOS_DEPLOYMENT_TARGET = 11.0;
				LOCALIZATION_PREFERS_STRING_CATALOGS = YES;
				MTL_ENABLE_DEBUG_INFO = NO;
				MTL_FAST_MATH = YES;
				SDKROOT = iphoneos;
				VALIDATE_PRODUCT = YES;
			};
			name = Release;
		};
		2B64FB2F2B1882500081445E /* Debug */ = {
			isa = XCBuildConfiguration;
			baseConfigurationReference = E9004ED693C1DA3C4F24CE76 /* Pods-EcommerceViewer.debug.xcconfig */;
			buildSettings = {
				ASSETCATALOG_COMPILER_APPICON_NAME = AppIcon;
				ASSETCATALOG_COMPILER_GLOBAL_ACCENT_COLOR_NAME = AccentColor;
				"CODE_SIGN_IDENTITY[sdk=iphoneos*]" = "iPhone Developer";
				CODE_SIGN_STYLE = Manual;
				CURRENT_PROJECT_VERSION = 1;
				DEVELOPMENT_TEAM = "";
				"DEVELOPMENT_TEAM[sdk=iphoneos*]" = 3XMD9D6A65;
				ENABLE_USER_SCRIPT_SANDBOXING = NO;
				GENERATE_INFOPLIST_FILE = YES;
				INFOPLIST_FILE = EcommerceViewer/Info.plist;
				INFOPLIST_KEY_UIApplicationSupportsIndirectInputEvents = YES;
				INFOPLIST_KEY_UILaunchStoryboardName = LaunchScreen;
				INFOPLIST_KEY_UIMainStoryboardFile = Main;
				INFOPLIST_KEY_UISupportedInterfaceOrientations_iPad = "UIInterfaceOrientationPortrait UIInterfaceOrientationPortraitUpsideDown UIInterfaceOrientationLandscapeLeft UIInterfaceOrientationLandscapeRight";
				INFOPLIST_KEY_UISupportedInterfaceOrientations_iPhone = "UIInterfaceOrientationPortrait UIInterfaceOrientationLandscapeLeft UIInterfaceOrientationLandscapeRight";
				IPHONEOS_DEPLOYMENT_TARGET = 11.0;
				LD_RUNPATH_SEARCH_PATHS = (
					"$(inherited)",
					"@executable_path/Frameworks",
				);
				MARKETING_VERSION = 1.0;
				PRODUCT_BUNDLE_IDENTIFIER = com.bytedance.videoarch.TTLiveStream;
				PRODUCT_NAME = "$(TARGET_NAME)";
				PROVISIONING_PROFILE_SPECIFIER = "";
				"PROVISIONING_PROFILE_SPECIFIER[sdk=iphoneos*]" = "TTLiveStream-Dev";
				SWIFT_EMIT_LOC_STRINGS = YES;
				TARGETED_DEVICE_FAMILY = "1,2";
			};
			name = Debug;
		};
		2B64FB302B1882500081445E /* Release */ = {
			isa = XCBuildConfiguration;
			baseConfigurationReference = 616FF0FEFF52D3C2B1881929 /* Pods-EcommerceViewer.release.xcconfig */;
			buildSettings = {
				ASSETCATALOG_COMPILER_APPICON_NAME = AppIcon;
				ASSETCATALOG_COMPILER_GLOBAL_ACCENT_COLOR_NAME = AccentColor;
				"CODE_SIGN_IDENTITY[sdk=iphoneos*]" = "iPhone Distribution";
				CODE_SIGN_STYLE = Manual;
				CURRENT_PROJECT_VERSION = 1;
				DEVELOPMENT_TEAM = "";
				"DEVELOPMENT_TEAM[sdk=iphoneos*]" = 3XMD9D6A65;
				ENABLE_USER_SCRIPT_SANDBOXING = NO;
				GENERATE_INFOPLIST_FILE = YES;
				INFOPLIST_FILE = EcommerceViewer/Info.plist;
				INFOPLIST_KEY_UIApplicationSupportsIndirectInputEvents = YES;
				INFOPLIST_KEY_UILaunchStoryboardName = LaunchScreen;
				INFOPLIST_KEY_UIMainStoryboardFile = Main;
				INFOPLIST_KEY_UISupportedInterfaceOrientations_iPad = "UIInterfaceOrientationPortrait UIInterfaceOrientationPortraitUpsideDown UIInterfaceOrientationLandscapeLeft UIInterfaceOrientationLandscapeRight";
				INFOPLIST_KEY_UISupportedInterfaceOrientations_iPhone = "UIInterfaceOrientationPortrait UIInterfaceOrientationLandscapeLeft UIInterfaceOrientationLandscapeRight";
				IPHONEOS_DEPLOYMENT_TARGET = 11.0;
				LD_RUNPATH_SEARCH_PATHS = (
					"$(inherited)",
					"@executable_path/Frameworks",
				);
				MARKETING_VERSION = 1.0;
				PRODUCT_BUNDLE_IDENTIFIER = com.bytedance.videoarch.TTLiveStream;
				PRODUCT_NAME = "$(TARGET_NAME)";
				PROVISIONING_PROFILE_SPECIFIER = "";
				"PROVISIONING_PROFILE_SPECIFIER[sdk=iphoneos*]" = "TTLiveStream-AdHoc";
				SWIFT_EMIT_LOC_STRINGS = YES;
				TARGETED_DEVICE_FAMILY = "1,2";
			};
			name = Release;
		};
/* End XCBuildConfiguration section */

/* Begin XCConfigurationList section */
		2B64FB102B18824D0081445E /* Build configuration list for PBXProject "EcommerceViewer" */ = {
			isa = XCConfigurationList;
			buildConfigurations = (
				2B64FB2C2B1882500081445E /* Debug */,
				2B64FB2D2B1882500081445E /* Release */,
			);
			defaultConfigurationIsVisible = 0;
			defaultConfigurationName = Release;
		};
		2B64FB2E2B1882500081445E /* Build configuration list for PBXNativeTarget "EcommerceViewer" */ = {
			isa = XCConfigurationList;
			buildConfigurations = (
				2B64FB2F2B1882500081445E /* Debug */,
				2B64FB302B1882500081445E /* Release */,
			);
			defaultConfigurationIsVisible = 0;
			defaultConfigurationName = Release;
		};
/* End XCConfigurationList section */
	};
	rootObject = 2B64FB0D2B18824D0081445E /* Project object */;
}
