// !$*UTF8*$!
{
	archiveVersion = 1;
	classes = {
	};
	objectVersion = 55;
	objects = {

/* Begin PBXBuildFile section */
		26E0248BD02607438A3E1C55 /* Pods_HybridViewer.framework in Frameworks */ = {isa = PBXBuildFile; fileRef = F8548D27423E3B835FAC2D3D /* Pods_HybridViewer.framework */; };
		48643D61283E5A70003F1502 /* AppDelegate.m in Sources */ = {isa = PBXBuildFile; fileRef = 48643D60283E5A70003F1502 /* AppDelegate.m */; };
		48643D64283E5A70003F1502 /* SceneDelegate.m in Sources */ = {isa = PBXBuildFile; fileRef = 48643D63283E5A70003F1502 /* SceneDelegate.m */; };
		48643D67283E5A70003F1502 /* ViewController.m in Sources */ = {isa = PBXBuildFile; fileRef = 48643D66283E5A70003F1502 /* ViewController.m */; };
		48643D6A283E5A70003F1502 /* Main.storyboard in Resources */ = {isa = PBXBuildFile; fileRef = 48643D68283E5A70003F1502 /* Main.storyboard */; };
		48643D6C283E5A72003F1502 /* Assets.xcassets in Resources */ = {isa = PBXBuildFile; fileRef = 48643D6B283E5A72003F1502 /* Assets.xcassets */; };
		48643D6F283E5A72003F1502 /* LaunchScreen.storyboard in Resources */ = {isa = PBXBuildFile; fileRef = 48643D6D283E5A72003F1502 /* LaunchScreen.storyboard */; };
		48643D72283E5A72003F1502 /* main.m in Sources */ = {isa = PBXBuildFile; fileRef = 48643D71283E5A72003F1502 /* main.m */; };
/* End PBXBuildFile section */

/* Begin PBXFileReference section */
		31CFE737A26FE9AD687B5209 /* Pods-HybridViewer.debug.xcconfig */ = {isa = PBXFileReference; includeInIndex = 1; lastKnownFileType = text.xcconfig; name = "Pods-HybridViewer.debug.xcconfig"; path = "Target Support Files/Pods-HybridViewer/Pods-HybridViewer.debug.xcconfig"; sourceTree = "<group>"; };
		47AC8FDDD751E2FDDC29F525 /* Pods-HybridViewer.release.xcconfig */ = {isa = PBXFileReference; includeInIndex = 1; lastKnownFileType = text.xcconfig; name = "Pods-HybridViewer.release.xcconfig"; path = "Target Support Files/Pods-HybridViewer/Pods-HybridViewer.release.xcconfig"; sourceTree = "<group>"; };
		48643D5C283E5A70003F1502 /* HybridViewer.app */ = {isa = PBXFileReference; explicitFileType = wrapper.application; includeInIndex = 0; path = HybridViewer.app; sourceTree = BUILT_PRODUCTS_DIR; };
		48643D5F283E5A70003F1502 /* AppDelegate.h */ = {isa = PBXFileReference; lastKnownFileType = sourcecode.c.h; path = AppDelegate.h; sourceTree = "<group>"; };
		48643D60283E5A70003F1502 /* AppDelegate.m */ = {isa = PBXFileReference; lastKnownFileType = sourcecode.c.objc; path = AppDelegate.m; sourceTree = "<group>"; };
		48643D62283E5A70003F1502 /* SceneDelegate.h */ = {isa = PBXFileReference; lastKnownFileType = sourcecode.c.h; path = SceneDelegate.h; sourceTree = "<group>"; };
		48643D63283E5A70003F1502 /* SceneDelegate.m */ = {isa = PBXFileReference; lastKnownFileType = sourcecode.c.objc; path = SceneDelegate.m; sourceTree = "<group>"; };
		48643D65283E5A70003F1502 /* ViewController.h */ = {isa = PBXFileReference; lastKnownFileType = sourcecode.c.h; path = ViewController.h; sourceTree = "<group>"; };
		48643D66283E5A70003F1502 /* ViewController.m */ = {isa = PBXFileReference; lastKnownFileType = sourcecode.c.objc; path = ViewController.m; sourceTree = "<group>"; };
		48643D69283E5A70003F1502 /* Base */ = {isa = PBXFileReference; lastKnownFileType = file.storyboard; name = Base; path = Base.lproj/Main.storyboard; sourceTree = "<group>"; };
		48643D6B283E5A72003F1502 /* Assets.xcassets */ = {isa = PBXFileReference; lastKnownFileType = folder.assetcatalog; path = Assets.xcassets; sourceTree = "<group>"; };
		48643D6E283E5A72003F1502 /* Base */ = {isa = PBXFileReference; lastKnownFileType = file.storyboard; name = Base; path = Base.lproj/LaunchScreen.storyboard; sourceTree = "<group>"; };
		48643D70283E5A72003F1502 /* Info.plist */ = {isa = PBXFileReference; lastKnownFileType = text.plist.xml; path = Info.plist; sourceTree = "<group>"; };
		48643D71283E5A72003F1502 /* main.m */ = {isa = PBXFileReference; lastKnownFileType = sourcecode.c.objc; path = main.m; sourceTree = "<group>"; };
		F8548D27423E3B835FAC2D3D /* Pods_HybridViewer.framework */ = {isa = PBXFileReference; explicitFileType = wrapper.framework; includeInIndex = 0; path = Pods_HybridViewer.framework; sourceTree = BUILT_PRODUCTS_DIR; };
/* End PBXFileReference section */

/* Begin PBXFrameworksBuildPhase section */
		48643D59283E5A70003F1502 /* Frameworks */ = {
			isa = PBXFrameworksBuildPhase;
			buildActionMask = 2147483647;
			files = (
				26E0248BD02607438A3E1C55 /* Pods_HybridViewer.framework in Frameworks */,
			);
			runOnlyForDeploymentPostprocessing = 0;
		};
/* End PBXFrameworksBuildPhase section */

/* Begin PBXGroup section */
		1F8A1CBFDBD8465BF68259D3 /* Pods */ = {
			isa = PBXGroup;
			children = (
				31CFE737A26FE9AD687B5209 /* Pods-HybridViewer.debug.xcconfig */,
				47AC8FDDD751E2FDDC29F525 /* Pods-HybridViewer.release.xcconfig */,
			);
			path = Pods;
			sourceTree = "<group>";
		};
		48643D53283E5A70003F1502 = {
			isa = PBXGroup;
			children = (
				48643D5E283E5A70003F1502 /* HybridViewer */,
				48643D5D283E5A70003F1502 /* Products */,
				1F8A1CBFDBD8465BF68259D3 /* Pods */,
				982698AE330AC2F65C7325FC /* Frameworks */,
			);
			sourceTree = "<group>";
		};
		48643D5D283E5A70003F1502 /* Products */ = {
			isa = PBXGroup;
			children = (
				48643D5C283E5A70003F1502 /* HybridViewer.app */,
			);
			name = Products;
			sourceTree = "<group>";
		};
		48643D5E283E5A70003F1502 /* HybridViewer */ = {
			isa = PBXGroup;
			children = (
				48643D5F283E5A70003F1502 /* AppDelegate.h */,
				48643D60283E5A70003F1502 /* AppDelegate.m */,
				48643D62283E5A70003F1502 /* SceneDelegate.h */,
				48643D63283E5A70003F1502 /* SceneDelegate.m */,
				48643D65283E5A70003F1502 /* ViewController.h */,
				48643D66283E5A70003F1502 /* ViewController.m */,
				48643D68283E5A70003F1502 /* Main.storyboard */,
				48643D6B283E5A72003F1502 /* Assets.xcassets */,
				48643D6D283E5A72003F1502 /* LaunchScreen.storyboard */,
				48643D70283E5A72003F1502 /* Info.plist */,
				48643D71283E5A72003F1502 /* main.m */,
			);
			path = HybridViewer;
			sourceTree = "<group>";
		};
		982698AE330AC2F65C7325FC /* Frameworks */ = {
			isa = PBXGroup;
			children = (
				F8548D27423E3B835FAC2D3D /* Pods_HybridViewer.framework */,
			);
			name = Frameworks;
			sourceTree = "<group>";
		};
/* End PBXGroup section */

/* Begin PBXNativeTarget section */
		48643D5B283E5A70003F1502 /* HybridViewer */ = {
			isa = PBXNativeTarget;
			buildConfigurationList = 48643D75283E5A72003F1502 /* Build configuration list for PBXNativeTarget "HybridViewer" */;
			buildPhases = (
				E95F4C84D12312193ECEB116 /* [CP] Check Pods Manifest.lock */,
				48643D58283E5A70003F1502 /* Sources */,
				48643D59283E5A70003F1502 /* Frameworks */,
				48643D5A283E5A70003F1502 /* Resources */,
				5F1D483BED2EAD74F6384759 /* [CP] Embed Pods Frameworks */,
				ACE5718D22F24AAF5938112F /* [CP] Copy Pods Resources */,
			);
			buildRules = (
			);
			dependencies = (
			);
			name = HybridViewer;
			productName = HybridViewer;
			productReference = 48643D5C283E5A70003F1502 /* HybridViewer.app */;
			productType = "com.apple.product-type.application";
		};
/* End PBXNativeTarget section */

/* Begin PBXProject section */
		48643D54283E5A70003F1502 /* Project object */ = {
			isa = PBXProject;
			attributes = {
				BuildIndependentTargetsInParallel = 1;
				LastUpgradeCheck = 1330;
				TargetAttributes = {
					48643D5B283E5A70003F1502 = {
						CreatedOnToolsVersion = 13.3.1;
					};
				};
			};
			buildConfigurationList = 48643D57283E5A70003F1502 /* Build configuration list for PBXProject "HybridViewer" */;
			compatibilityVersion = "Xcode 13.0";
			developmentRegion = en;
			hasScannedForEncodings = 0;
			knownRegions = (
				en,
				Base,
			);
			mainGroup = 48643D53283E5A70003F1502;
			productRefGroup = 48643D5D283E5A70003F1502 /* Products */;
			projectDirPath = "";
			projectRoot = "";
			targets = (
				48643D5B283E5A70003F1502 /* HybridViewer */,
			);
		};
/* End PBXProject section */

/* Begin PBXResourcesBuildPhase section */
		48643D5A283E5A70003F1502 /* Resources */ = {
			isa = PBXResourcesBuildPhase;
			buildActionMask = 2147483647;
			files = (
				48643D6F283E5A72003F1502 /* LaunchScreen.storyboard in Resources */,
				48643D6C283E5A72003F1502 /* Assets.xcassets in Resources */,
				48643D6A283E5A70003F1502 /* Main.storyboard in Resources */,
			);
			runOnlyForDeploymentPostprocessing = 0;
		};
/* End PBXResourcesBuildPhase section */

/* Begin PBXShellScriptBuildPhase section */
		5F1D483BED2EAD74F6384759 /* [CP] Embed Pods Frameworks */ = {
			isa = PBXShellScriptBuildPhase;
			buildActionMask = 2147483647;
			files = (
			);
			inputFileListPaths = (
				"${PODS_ROOT}/Target Support Files/Pods-HybridViewer/Pods-HybridViewer-frameworks-${CONFIGURATION}-input-files.xcfilelist",
			);
			name = "[CP] Embed Pods Frameworks";
			outputFileListPaths = (
				"${PODS_ROOT}/Target Support Files/Pods-HybridViewer/Pods-HybridViewer-frameworks-${CONFIGURATION}-output-files.xcfilelist",
			);
			runOnlyForDeploymentPostprocessing = 0;
			shellPath = /bin/sh;
			shellScript = "\"${PODS_ROOT}/Target Support Files/Pods-HybridViewer/Pods-HybridViewer-frameworks.sh\"\n";
			showEnvVarsInLog = 0;
		};
		ACE5718D22F24AAF5938112F /* [CP] Copy Pods Resources */ = {
			isa = PBXShellScriptBuildPhase;
			buildActionMask = 2147483647;
			files = (
			);
			inputFileListPaths = (
				"${PODS_ROOT}/Target Support Files/Pods-HybridViewer/Pods-HybridViewer-resources-${CONFIGURATION}-input-files.xcfilelist",
			);
			name = "[CP] Copy Pods Resources";
			outputFileListPaths = (
				"${PODS_ROOT}/Target Support Files/Pods-HybridViewer/Pods-HybridViewer-resources-${CONFIGURATION}-output-files.xcfilelist",
			);
			runOnlyForDeploymentPostprocessing = 0;
			shellPath = /bin/sh;
			shellScript = "\"${PODS_ROOT}/Target Support Files/Pods-HybridViewer/Pods-HybridViewer-resources.sh\"\n";
			showEnvVarsInLog = 0;
		};
		E95F4C84D12312193ECEB116 /* [CP] Check Pods Manifest.lock */ = {
			isa = PBXShellScriptBuildPhase;
			buildActionMask = 2147483647;
			files = (
			);
			inputFileListPaths = (
			);
			inputPaths = (
				"${PODS_PODFILE_DIR_PATH}/Podfile.lock",
				"${PODS_ROOT}/Manifest.lock",
			);
			name = "[CP] Check Pods Manifest.lock";
			outputFileListPaths = (
			);
			outputPaths = (
				"$(DERIVED_FILE_DIR)/Pods-HybridViewer-checkManifestLockResult.txt",
			);
			runOnlyForDeploymentPostprocessing = 0;
			shellPath = /bin/sh;
			shellScript = "diff \"${PODS_PODFILE_DIR_PATH}/Podfile.lock\" \"${PODS_ROOT}/Manifest.lock\" > /dev/null\nif [ $? != 0 ] ; then\n    # print error to STDERR\n    echo \"error: The sandbox is not in sync with the Podfile.lock. Run 'pod install' or update your CocoaPods installation.\" >&2\n    exit 1\nfi\n# This output is used by Xcode 'outputs' to avoid re-running this script phase.\necho \"SUCCESS\" > \"${SCRIPT_OUTPUT_FILE_0}\"\n";
			showEnvVarsInLog = 0;
		};
/* End PBXShellScriptBuildPhase section */

/* Begin PBXSourcesBuildPhase section */
		48643D58283E5A70003F1502 /* Sources */ = {
			isa = PBXSourcesBuildPhase;
			buildActionMask = 2147483647;
			files = (
				48643D67283E5A70003F1502 /* ViewController.m in Sources */,
				48643D61283E5A70003F1502 /* AppDelegate.m in Sources */,
				48643D72283E5A72003F1502 /* main.m in Sources */,
				48643D64283E5A70003F1502 /* SceneDelegate.m in Sources */,
			);
			runOnlyForDeploymentPostprocessing = 0;
		};
/* End PBXSourcesBuildPhase section */

/* Begin PBXVariantGroup section */
		48643D68283E5A70003F1502 /* Main.storyboard */ = {
			isa = PBXVariantGroup;
			children = (
				48643D69283E5A70003F1502 /* Base */,
			);
			name = Main.storyboard;
			sourceTree = "<group>";
		};
		48643D6D283E5A72003F1502 /* LaunchScreen.storyboard */ = {
			isa = PBXVariantGroup;
			children = (
				48643D6E283E5A72003F1502 /* Base */,
			);
			name = LaunchScreen.storyboard;
			sourceTree = "<group>";
		};
/* End PBXVariantGroup section */

/* Begin XCBuildConfiguration section */
		48643D73283E5A72003F1502 /* Debug */ = {
			isa = XCBuildConfiguration;
			buildSettings = {
				ALWAYS_SEARCH_USER_PATHS = NO;
				CLANG_ANALYZER_NONNULL = YES;
				CLANG_ANALYZER_NUMBER_OBJECT_CONVERSION = YES_AGGRESSIVE;
				CLANG_CXX_LANGUAGE_STANDARD = "gnu++17";
				CLANG_ENABLE_MODULES = YES;
				CLANG_ENABLE_OBJC_ARC = YES;
				CLANG_ENABLE_OBJC_WEAK = YES;
				CLANG_WARN_BLOCK_CAPTURE_AUTORELEASING = YES;
				CLANG_WARN_BOOL_CONVERSION = YES;
				CLANG_WARN_COMMA = YES;
				CLANG_WARN_CONSTANT_CONVERSION = YES;
				CLANG_WARN_DEPRECATED_OBJC_IMPLEMENTATIONS = YES;
				CLANG_WARN_DIRECT_OBJC_ISA_USAGE = YES_ERROR;
				CLANG_WARN_DOCUMENTATION_COMMENTS = YES;
				CLANG_WARN_EMPTY_BODY = YES;
				CLANG_WARN_ENUM_CONVERSION = YES;
				CLANG_WARN_INFINITE_RECURSION = YES;
				CLANG_WARN_INT_CONVERSION = YES;
				CLANG_WARN_NON_LITERAL_NULL_CONVERSION = YES;
				CLANG_WARN_OBJC_IMPLICIT_RETAIN_SELF = YES;
				CLANG_WARN_OBJC_LITERAL_CONVERSION = YES;
				CLANG_WARN_OBJC_ROOT_CLASS = YES_ERROR;
				CLANG_WARN_QUOTED_INCLUDE_IN_FRAMEWORK_HEADER = YES;
				CLANG_WARN_RANGE_LOOP_ANALYSIS = YES;
				CLANG_WARN_STRICT_PROTOTYPES = YES;
				CLANG_WARN_SUSPICIOUS_MOVE = YES;
				CLANG_WARN_UNGUARDED_AVAILABILITY = YES_AGGRESSIVE;
				CLANG_WARN_UNREACHABLE_CODE = YES;
				CLANG_WARN__DUPLICATE_METHOD_MATCH = YES;
				COPY_PHASE_STRIP = NO;
				DEBUG_INFORMATION_FORMAT = dwarf;
				ENABLE_STRICT_OBJC_MSGSEND = YES;
				ENABLE_TESTABILITY = YES;
				GCC_C_LANGUAGE_STANDARD = gnu11;
				GCC_DYNAMIC_NO_PIC = NO;
				GCC_NO_COMMON_BLOCKS = YES;
				GCC_OPTIMIZATION_LEVEL = 0;
				GCC_PREPROCESSOR_DEFINITIONS = (
					"DEBUG=1",
					"$(inherited)",
				);
				GCC_WARN_64_TO_32_BIT_CONVERSION = YES;
				GCC_WARN_ABOUT_RETURN_TYPE = YES_ERROR;
				GCC_WARN_UNDECLARED_SELECTOR = YES;
				GCC_WARN_UNINITIALIZED_AUTOS = YES_AGGRESSIVE;
				GCC_WARN_UNUSED_FUNCTION = YES;
				GCC_WARN_UNUSED_VARIABLE = YES;
				IPHONEOS_DEPLOYMENT_TARGET = 9.0;
				MTL_ENABLE_DEBUG_INFO = INCLUDE_SOURCE;
				MTL_FAST_MATH = YES;
				ONLY_ACTIVE_ARCH = YES;
				SDKROOT = iphoneos;
			};
			name = Debug;
		};
		48643D74283E5A72003F1502 /* Release */ = {
			isa = XCBuildConfiguration;
			buildSettings = {
				ALWAYS_SEARCH_USER_PATHS = NO;
				CLANG_ANALYZER_NONNULL = YES;
				CLANG_ANALYZER_NUMBER_OBJECT_CONVERSION = YES_AGGRESSIVE;
				CLANG_CXX_LANGUAGE_STANDARD = "gnu++17";
				CLANG_ENABLE_MODULES = YES;
				CLANG_ENABLE_OBJC_ARC = YES;
				CLANG_ENABLE_OBJC_WEAK = YES;
				CLANG_WARN_BLOCK_CAPTURE_AUTORELEASING = YES;
				CLANG_WARN_BOOL_CONVERSION = YES;
				CLANG_WARN_COMMA = YES;
				CLANG_WARN_CONSTANT_CONVERSION = YES;
				CLANG_WARN_DEPRECATED_OBJC_IMPLEMENTATIONS = YES;
				CLANG_WARN_DIRECT_OBJC_ISA_USAGE = YES_ERROR;
				CLANG_WARN_DOCUMENTATION_COMMENTS = YES;
				CLANG_WARN_EMPTY_BODY = YES;
				CLANG_WARN_ENUM_CONVERSION = YES;
				CLANG_WARN_INFINITE_RECURSION = YES;
				CLANG_WARN_INT_CONVERSION = YES;
				CLANG_WARN_NON_LITERAL_NULL_CONVERSION = YES;
				CLANG_WARN_OBJC_IMPLICIT_RETAIN_SELF = YES;
				CLANG_WARN_OBJC_LITERAL_CONVERSION = YES;
				CLANG_WARN_OBJC_ROOT_CLASS = YES_ERROR;
				CLANG_WARN_QUOTED_INCLUDE_IN_FRAMEWORK_HEADER = YES;
				CLANG_WARN_RANGE_LOOP_ANALYSIS = YES;
				CLANG_WARN_STRICT_PROTOTYPES = YES;
				CLANG_WARN_SUSPICIOUS_MOVE = YES;
				CLANG_WARN_UNGUARDED_AVAILABILITY = YES_AGGRESSIVE;
				CLANG_WARN_UNREACHABLE_CODE = YES;
				CLANG_WARN__DUPLICATE_METHOD_MATCH = YES;
				COPY_PHASE_STRIP = NO;
				DEBUG_INFORMATION_FORMAT = "dwarf-with-dsym";
				ENABLE_NS_ASSERTIONS = NO;
				ENABLE_STRICT_OBJC_MSGSEND = YES;
				GCC_C_LANGUAGE_STANDARD = gnu11;
				GCC_NO_COMMON_BLOCKS = YES;
				GCC_WARN_64_TO_32_BIT_CONVERSION = YES;
				GCC_WARN_ABOUT_RETURN_TYPE = YES_ERROR;
				GCC_WARN_UNDECLARED_SELECTOR = YES;
				GCC_WARN_UNINITIALIZED_AUTOS = YES_AGGRESSIVE;
				GCC_WARN_UNUSED_FUNCTION = YES;
				GCC_WARN_UNUSED_VARIABLE = YES;
				IPHONEOS_DEPLOYMENT_TARGET = 9.0;
				MTL_ENABLE_DEBUG_INFO = NO;
				MTL_FAST_MATH = YES;
				SDKROOT = iphoneos;
				VALIDATE_PRODUCT = YES;
			};
			name = Release;
		};
		48643D76283E5A72003F1502 /* Debug */ = {
			isa = XCBuildConfiguration;
			baseConfigurationReference = 31CFE737A26FE9AD687B5209 /* Pods-HybridViewer.debug.xcconfig */;
			buildSettings = {
				ASSETCATALOG_COMPILER_APPICON_NAME = AppIcon;
				ASSETCATALOG_COMPILER_GLOBAL_ACCENT_COLOR_NAME = AccentColor;
				CODE_SIGN_IDENTITY = "iPhone Developer";
				CODE_SIGN_STYLE = Manual;
				CURRENT_PROJECT_VERSION = 1;
				DEVELOPMENT_TEAM = 3XMD9D6A65;
				ENABLE_BITCODE = NO;
				GENERATE_INFOPLIST_FILE = YES;
				INFOPLIST_FILE = HybridViewer/Info.plist;
				INFOPLIST_KEY_UIApplicationSupportsIndirectInputEvents = YES;
				INFOPLIST_KEY_UILaunchStoryboardName = LaunchScreen;
				INFOPLIST_KEY_UIMainStoryboardFile = Main;
				INFOPLIST_KEY_UISupportedInterfaceOrientations_iPad = "UIInterfaceOrientationPortrait UIInterfaceOrientationPortraitUpsideDown UIInterfaceOrientationLandscapeLeft UIInterfaceOrientationLandscapeRight";
				INFOPLIST_KEY_UISupportedInterfaceOrientations_iPhone = "UIInterfaceOrientationPortrait UIInterfaceOrientationLandscapeLeft UIInterfaceOrientationLandscapeRight";
				LD_RUNPATH_SEARCH_PATHS = (
					"$(inherited)",
					"@executable_path/Frameworks",
				);
				MARKETING_VERSION = 1.0;
				PRODUCT_BUNDLE_IDENTIFIER = com.bytedance.videoarch.TTLiveStream;
				PRODUCT_NAME = "$(TARGET_NAME)";
				PROVISIONING_PROFILE_SPECIFIER = "TTLiveStream-Dev";
				SWIFT_EMIT_LOC_STRINGS = YES;
				TARGETED_DEVICE_FAMILY = "1,2";
			};
			name = Debug;
		};
		48643D77283E5A72003F1502 /* Release */ = {
			isa = XCBuildConfiguration;
			baseConfigurationReference = 47AC8FDDD751E2FDDC29F525 /* Pods-HybridViewer.release.xcconfig */;
			buildSettings = {
				ASSETCATALOG_COMPILER_APPICON_NAME = AppIcon;
				ASSETCATALOG_COMPILER_GLOBAL_ACCENT_COLOR_NAME = AccentColor;
				CODE_SIGN_IDENTITY = "iPhone Distribution";
				CODE_SIGN_STYLE = Manual;
				CURRENT_PROJECT_VERSION = 1;
				DEVELOPMENT_TEAM = 3XMD9D6A65;
				ENABLE_BITCODE = NO;
				GENERATE_INFOPLIST_FILE = YES;
				INFOPLIST_FILE = HybridViewer/Info.plist;
				INFOPLIST_KEY_UIApplicationSupportsIndirectInputEvents = YES;
				INFOPLIST_KEY_UILaunchStoryboardName = LaunchScreen;
				INFOPLIST_KEY_UIMainStoryboardFile = Main;
				INFOPLIST_KEY_UISupportedInterfaceOrientations_iPad = "UIInterfaceOrientationPortrait UIInterfaceOrientationPortraitUpsideDown UIInterfaceOrientationLandscapeLeft UIInterfaceOrientationLandscapeRight";
				INFOPLIST_KEY_UISupportedInterfaceOrientations_iPhone = "UIInterfaceOrientationPortrait UIInterfaceOrientationLandscapeLeft UIInterfaceOrientationLandscapeRight";
				LD_RUNPATH_SEARCH_PATHS = (
					"$(inherited)",
					"@executable_path/Frameworks",
				);
				MARKETING_VERSION = 1.0;
				PRODUCT_BUNDLE_IDENTIFIER = com.bytedance.videoarch.TTLiveStream;
				PRODUCT_NAME = "$(TARGET_NAME)";
				PROVISIONING_PROFILE_SPECIFIER = "TTLiveStream-AdHoc";
				SWIFT_EMIT_LOC_STRINGS = YES;
				TARGETED_DEVICE_FAMILY = "1,2";
			};
			name = Release;
		};
/* End XCBuildConfiguration section */

/* Begin XCConfigurationList section */
		48643D57283E5A70003F1502 /* Build configuration list for PBXProject "HybridViewer" */ = {
			isa = XCConfigurationList;
			buildConfigurations = (
				48643D73283E5A72003F1502 /* Debug */,
				48643D74283E5A72003F1502 /* Release */,
			);
			defaultConfigurationIsVisible = 0;
			defaultConfigurationName = Release;
		};
		48643D75283E5A72003F1502 /* Build configuration list for PBXNativeTarget "HybridViewer" */ = {
			isa = XCConfigurationList;
			buildConfigurations = (
				48643D76283E5A72003F1502 /* Debug */,
				48643D77283E5A72003F1502 /* Release */,
			);
			defaultConfigurationIsVisible = 0;
			defaultConfigurationName = Release;
		};
/* End XCConfigurationList section */
	};
	rootObject = 48643D54283E5A70003F1502 /* Project object */;
}
