// !$*UTF8*$!
{
	archiveVersion = 1;
	classes = {
	};
	objectVersion = 55;
	objects = {

/* Begin PBXBuildFile section */
		346D67331EE34284BE1C77E6 /* libPods-LiveStreaming.a in Frameworks */ = {isa = PBXBuildFile; fileRef = A894BC5865237F49A92C3549 /* libPods-LiveStreaming.a */; };
		48D1CE4328C8CFB700B559CB /* AppDelegate.m in Sources */ = {isa = PBXBuildFile; fileRef = 48D1CE4228C8CFB700B559CB /* AppDelegate.m */; };
		48D1CE4628C8CFB700B559CB /* SceneDelegate.m in Sources */ = {isa = PBXBuildFile; fileRef = 48D1CE4528C8CFB700B559CB /* SceneDelegate.m */; };
		48D1CE4928C8CFB700B559CB /* ViewController.m in Sources */ = {isa = PBXBuildFile; fileRef = 48D1CE4828C8CFB700B559CB /* ViewController.m */; };
		48D1CE4C28C8CFB700B559CB /* Main.storyboard in Resources */ = {isa = PBXBuildFile; fileRef = 48D1CE4A28C8CFB700B559CB /* Main.storyboard */; };
		48D1CE4E28C8CFB900B559CB /* Assets.xcassets in Resources */ = {isa = PBXBuildFile; fileRef = 48D1CE4D28C8CFB900B559CB /* Assets.xcassets */; };
		48D1CE5128C8CFB900B559CB /* LaunchScreen.storyboard in Resources */ = {isa = PBXBuildFile; fileRef = 48D1CE4F28C8CFB900B559CB /* LaunchScreen.storyboard */; };
		48D1CE5428C8CFB900B559CB /* main.m in Sources */ = {isa = PBXBuildFile; fileRef = 48D1CE5328C8CFB900B559CB /* main.m */; };
		48F09F2B2A2F0F3800121E90 /* ReplayKit.framework in Frameworks */ = {isa = PBXBuildFile; fileRef = 48F09F2A2A2F0F3800121E90 /* ReplayKit.framework */; };
		48F09F2F2A2F0F3800121E90 /* SampleHandler.m in Sources */ = {isa = PBXBuildFile; fileRef = 48F09F2E2A2F0F3800121E90 /* SampleHandler.m */; };
		48F09F332A2F0F3800121E90 /* RecordExtension.appex in Embed Foundation Extensions */ = {isa = PBXBuildFile; fileRef = 48F09F292A2F0F3800121E90 /* RecordExtension.appex */; settings = {ATTRIBUTES = (RemoveHeadersOnCopy, ); }; };
		48F09F3B2A2F108900121E90 /* VolcEngineRTCScreenCapturer.xcframework in Frameworks */ = {isa = PBXBuildFile; fileRef = 48F09F3A2A2F108900121E90 /* VolcEngineRTCScreenCapturer.xcframework */; };
/* End PBXBuildFile section */

/* Begin PBXContainerItemProxy section */
		48F09F312A2F0F3800121E90 /* PBXContainerItemProxy */ = {
			isa = PBXContainerItemProxy;
			containerPortal = 48D1CE3628C8CFB700B559CB /* Project object */;
			proxyType = 1;
			remoteGlobalIDString = 48F09F282A2F0F3800121E90;
			remoteInfo = RecordExtension;
		};
/* End PBXContainerItemProxy section */

/* Begin PBXCopyFilesBuildPhase section */
		48F09F342A2F0F3800121E90 /* Embed Foundation Extensions */ = {
			isa = PBXCopyFilesBuildPhase;
			buildActionMask = 2147483647;
			dstPath = "";
			dstSubfolderSpec = 13;
			files = (
				48F09F332A2F0F3800121E90 /* RecordExtension.appex in Embed Foundation Extensions */,
			);
			name = "Embed Foundation Extensions";
			runOnlyForDeploymentPostprocessing = 0;
		};
/* End PBXCopyFilesBuildPhase section */

/* Begin PBXFileReference section */
		48D1CE3E28C8CFB700B559CB /* LiveStreaming.app */ = {isa = PBXFileReference; explicitFileType = wrapper.application; includeInIndex = 0; path = LiveStreaming.app; sourceTree = BUILT_PRODUCTS_DIR; };
		48D1CE4128C8CFB700B559CB /* AppDelegate.h */ = {isa = PBXFileReference; lastKnownFileType = sourcecode.c.h; path = AppDelegate.h; sourceTree = "<group>"; };
		48D1CE4228C8CFB700B559CB /* AppDelegate.m */ = {isa = PBXFileReference; lastKnownFileType = sourcecode.c.objc; path = AppDelegate.m; sourceTree = "<group>"; };
		48D1CE4428C8CFB700B559CB /* SceneDelegate.h */ = {isa = PBXFileReference; lastKnownFileType = sourcecode.c.h; path = SceneDelegate.h; sourceTree = "<group>"; };
		48D1CE4528C8CFB700B559CB /* SceneDelegate.m */ = {isa = PBXFileReference; lastKnownFileType = sourcecode.c.objc; path = SceneDelegate.m; sourceTree = "<group>"; };
		48D1CE4728C8CFB700B559CB /* ViewController.h */ = {isa = PBXFileReference; lastKnownFileType = sourcecode.c.h; path = ViewController.h; sourceTree = "<group>"; };
		48D1CE4828C8CFB700B559CB /* ViewController.m */ = {isa = PBXFileReference; lastKnownFileType = sourcecode.c.objc; path = ViewController.m; sourceTree = "<group>"; };
		48D1CE4B28C8CFB700B559CB /* Base */ = {isa = PBXFileReference; lastKnownFileType = file.storyboard; name = Base; path = Base.lproj/Main.storyboard; sourceTree = "<group>"; };
		48D1CE4D28C8CFB900B559CB /* Assets.xcassets */ = {isa = PBXFileReference; lastKnownFileType = folder.assetcatalog; path = Assets.xcassets; sourceTree = "<group>"; };
		48D1CE5028C8CFB900B559CB /* Base */ = {isa = PBXFileReference; lastKnownFileType = file.storyboard; name = Base; path = Base.lproj/LaunchScreen.storyboard; sourceTree = "<group>"; };
		48D1CE5228C8CFB900B559CB /* Info.plist */ = {isa = PBXFileReference; lastKnownFileType = text.plist.xml; path = Info.plist; sourceTree = "<group>"; };
		48D1CE5328C8CFB900B559CB /* main.m */ = {isa = PBXFileReference; lastKnownFileType = sourcecode.c.objc; path = main.m; sourceTree = "<group>"; };
		48F09F292A2F0F3800121E90 /* RecordExtension.appex */ = {isa = PBXFileReference; explicitFileType = "wrapper.app-extension"; includeInIndex = 0; path = RecordExtension.appex; sourceTree = BUILT_PRODUCTS_DIR; };
		48F09F2A2A2F0F3800121E90 /* ReplayKit.framework */ = {isa = PBXFileReference; lastKnownFileType = wrapper.framework; name = ReplayKit.framework; path = System/Library/Frameworks/ReplayKit.framework; sourceTree = SDKROOT; };
		48F09F2D2A2F0F3800121E90 /* SampleHandler.h */ = {isa = PBXFileReference; lastKnownFileType = sourcecode.c.h; path = SampleHandler.h; sourceTree = "<group>"; };
		48F09F2E2A2F0F3800121E90 /* SampleHandler.m */ = {isa = PBXFileReference; lastKnownFileType = sourcecode.c.objc; path = SampleHandler.m; sourceTree = "<group>"; };
		48F09F302A2F0F3800121E90 /* Info.plist */ = {isa = PBXFileReference; lastKnownFileType = text.plist.xml; path = Info.plist; sourceTree = "<group>"; };
		48F09F382A2F0FDE00121E90 /* LiveStreaming.entitlements */ = {isa = PBXFileReference; lastKnownFileType = text.plist.entitlements; path = LiveStreaming.entitlements; sourceTree = "<group>"; };
		48F09F392A2F0FFC00121E90 /* RecordExtension.entitlements */ = {isa = PBXFileReference; lastKnownFileType = text.plist.entitlements; path = RecordExtension.entitlements; sourceTree = "<group>"; };
		48F09F3A2A2F108900121E90 /* VolcEngineRTCScreenCapturer.xcframework */ = {isa = PBXFileReference; lastKnownFileType = wrapper.xcframework; name = VolcEngineRTCScreenCapturer.xcframework; path = "Pods/VolcEngineRTC-VE/VolcEngineRTCScreenCapturer.xcframework"; sourceTree = "<group>"; };
		A894BC5865237F49A92C3549 /* libPods-LiveStreaming.a */ = {isa = PBXFileReference; explicitFileType = archive.ar; includeInIndex = 0; path = "libPods-LiveStreaming.a"; sourceTree = BUILT_PRODUCTS_DIR; };
		ABF03F4CBB672491848C1686 /* Pods-LiveStreaming.debug.xcconfig */ = {isa = PBXFileReference; includeInIndex = 1; lastKnownFileType = text.xcconfig; name = "Pods-LiveStreaming.debug.xcconfig"; path = "Target Support Files/Pods-LiveStreaming/Pods-LiveStreaming.debug.xcconfig"; sourceTree = "<group>"; };
		EF7C5AF5354F51A470B1FE86 /* Pods-LiveStreaming.release.xcconfig */ = {isa = PBXFileReference; includeInIndex = 1; lastKnownFileType = text.xcconfig; name = "Pods-LiveStreaming.release.xcconfig"; path = "Target Support Files/Pods-LiveStreaming/Pods-LiveStreaming.release.xcconfig"; sourceTree = "<group>"; };
/* End PBXFileReference section */

/* Begin PBXFrameworksBuildPhase section */
		48D1CE3B28C8CFB700B559CB /* Frameworks */ = {
			isa = PBXFrameworksBuildPhase;
			buildActionMask = 2147483647;
			files = (
				346D67331EE34284BE1C77E6 /* libPods-LiveStreaming.a in Frameworks */,
			);
			runOnlyForDeploymentPostprocessing = 0;
		};
		48F09F262A2F0F3800121E90 /* Frameworks */ = {
			isa = PBXFrameworksBuildPhase;
			buildActionMask = 2147483647;
			files = (
				48F09F2B2A2F0F3800121E90 /* ReplayKit.framework in Frameworks */,
				48F09F3B2A2F108900121E90 /* VolcEngineRTCScreenCapturer.xcframework in Frameworks */,
			);
			runOnlyForDeploymentPostprocessing = 0;
		};
/* End PBXFrameworksBuildPhase section */

/* Begin PBXGroup section */
		29405E3E67615F2E3B29CCD7 /* Pods */ = {
			isa = PBXGroup;
			children = (
				ABF03F4CBB672491848C1686 /* Pods-LiveStreaming.debug.xcconfig */,
				EF7C5AF5354F51A470B1FE86 /* Pods-LiveStreaming.release.xcconfig */,
			);
			path = Pods;
			sourceTree = "<group>";
		};
		2FAC0C6D5030F4948E31778C /* Frameworks */ = {
			isa = PBXGroup;
			children = (
				48F09F3A2A2F108900121E90 /* VolcEngineRTCScreenCapturer.xcframework */,
				48F09F2A2A2F0F3800121E90 /* ReplayKit.framework */,
				A894BC5865237F49A92C3549 /* libPods-LiveStreaming.a */,
			);
			name = Frameworks;
			sourceTree = "<group>";
		};
		48D1CE3528C8CFB700B559CB = {
			isa = PBXGroup;
			children = (
				48D1CE4028C8CFB700B559CB /* LiveStreaming */,
				48F09F2C2A2F0F3800121E90 /* RecordExtension */,
				48D1CE3F28C8CFB700B559CB /* Products */,
				29405E3E67615F2E3B29CCD7 /* Pods */,
				2FAC0C6D5030F4948E31778C /* Frameworks */,
			);
			sourceTree = "<group>";
		};
		48D1CE3F28C8CFB700B559CB /* Products */ = {
			isa = PBXGroup;
			children = (
				48D1CE3E28C8CFB700B559CB /* LiveStreaming.app */,
				48F09F292A2F0F3800121E90 /* RecordExtension.appex */,
			);
			name = Products;
			sourceTree = "<group>";
		};
		48D1CE4028C8CFB700B559CB /* LiveStreaming */ = {
			isa = PBXGroup;
			children = (
				48F09F382A2F0FDE00121E90 /* LiveStreaming.entitlements */,
				48D1CE4128C8CFB700B559CB /* AppDelegate.h */,
				48D1CE4228C8CFB700B559CB /* AppDelegate.m */,
				48D1CE4428C8CFB700B559CB /* SceneDelegate.h */,
				48D1CE4528C8CFB700B559CB /* SceneDelegate.m */,
				48D1CE4728C8CFB700B559CB /* ViewController.h */,
				48D1CE4828C8CFB700B559CB /* ViewController.m */,
				48D1CE4A28C8CFB700B559CB /* Main.storyboard */,
				48D1CE4D28C8CFB900B559CB /* Assets.xcassets */,
				48D1CE4F28C8CFB900B559CB /* LaunchScreen.storyboard */,
				48D1CE5228C8CFB900B559CB /* Info.plist */,
				48D1CE5328C8CFB900B559CB /* main.m */,
			);
			path = LiveStreaming;
			sourceTree = "<group>";
		};
		48F09F2C2A2F0F3800121E90 /* RecordExtension */ = {
			isa = PBXGroup;
			children = (
				48F09F392A2F0FFC00121E90 /* RecordExtension.entitlements */,
				48F09F2D2A2F0F3800121E90 /* SampleHandler.h */,
				48F09F2E2A2F0F3800121E90 /* SampleHandler.m */,
				48F09F302A2F0F3800121E90 /* Info.plist */,
			);
			path = RecordExtension;
			sourceTree = "<group>";
		};
/* End PBXGroup section */

/* Begin PBXNativeTarget section */
		48D1CE3D28C8CFB700B559CB /* LiveStreaming */ = {
			isa = PBXNativeTarget;
			buildConfigurationList = 48D1CE5728C8CFB900B559CB /* Build configuration list for PBXNativeTarget "LiveStreaming" */;
			buildPhases = (
				E6C35134705C790D7167857B /* [CP] Check Pods Manifest.lock */,
				444892E7C7FD70FC49A11D5A /* [CP-User] Hummer-before-hooks */,
				48D1CE3A28C8CFB700B559CB /* Sources */,
				48D1CE3B28C8CFB700B559CB /* Frameworks */,
				48D1CE3C28C8CFB700B559CB /* Resources */,
				D1B011160B57B991B0B20BF6 /* [CP] Embed Pods Frameworks */,
				7E359E60FBBBCB2A6B359E82 /* [CP] Copy Pods Resources */,
				48F09F342A2F0F3800121E90 /* Embed Foundation Extensions */,
				679826BF8E0B41B0BC4528D8 /* [CP-User] Hummer-after-hooks */,
			);
			buildRules = (
			);
			dependencies = (
				48F09F322A2F0F3800121E90 /* PBXTargetDependency */,
			);
			name = LiveStreaming;
			productName = LiveStreaming;
			productReference = 48D1CE3E28C8CFB700B559CB /* LiveStreaming.app */;
			productType = "com.apple.product-type.application";
		};
		48F09F282A2F0F3800121E90 /* RecordExtension */ = {
			isa = PBXNativeTarget;
			buildConfigurationList = 48F09F372A2F0F3800121E90 /* Build configuration list for PBXNativeTarget "RecordExtension" */;
			buildPhases = (
				48F09F252A2F0F3800121E90 /* Sources */,
				48F09F262A2F0F3800121E90 /* Frameworks */,
				48F09F272A2F0F3800121E90 /* Resources */,
			);
			buildRules = (
			);
			dependencies = (
			);
			name = RecordExtension;
			productName = RecordExtension;
			productReference = 48F09F292A2F0F3800121E90 /* RecordExtension.appex */;
			productType = "com.apple.product-type.app-extension";
		};
/* End PBXNativeTarget section */

/* Begin PBXProject section */
		48D1CE3628C8CFB700B559CB /* Project object */ = {
			isa = PBXProject;
			attributes = {
				BuildIndependentTargetsInParallel = 1;
				LastUpgradeCheck = 1340;
				TargetAttributes = {
					48D1CE3D28C8CFB700B559CB = {
						CreatedOnToolsVersion = 13.4.1;
					};
					48F09F282A2F0F3800121E90 = {
						CreatedOnToolsVersion = 14.3;
					};
				};
			};
			buildConfigurationList = 48D1CE3928C8CFB700B559CB /* Build configuration list for PBXProject "LiveStreaming" */;
			compatibilityVersion = "Xcode 13.0";
			developmentRegion = en;
			hasScannedForEncodings = 0;
			knownRegions = (
				en,
				Base,
			);
			mainGroup = 48D1CE3528C8CFB700B559CB;
			productRefGroup = 48D1CE3F28C8CFB700B559CB /* Products */;
			projectDirPath = "";
			projectRoot = "";
			targets = (
				48D1CE3D28C8CFB700B559CB /* LiveStreaming */,
				48F09F282A2F0F3800121E90 /* RecordExtension */,
			);
		};
/* End PBXProject section */

/* Begin PBXResourcesBuildPhase section */
		48D1CE3C28C8CFB700B559CB /* Resources */ = {
			isa = PBXResourcesBuildPhase;
			buildActionMask = 2147483647;
			files = (
				48D1CE5128C8CFB900B559CB /* LaunchScreen.storyboard in Resources */,
				48D1CE4E28C8CFB900B559CB /* Assets.xcassets in Resources */,
				48D1CE4C28C8CFB700B559CB /* Main.storyboard in Resources */,
			);
			runOnlyForDeploymentPostprocessing = 0;
		};
		48F09F272A2F0F3800121E90 /* Resources */ = {
			isa = PBXResourcesBuildPhase;
			buildActionMask = 2147483647;
			files = (
			);
			runOnlyForDeploymentPostprocessing = 0;
		};
/* End PBXResourcesBuildPhase section */

/* Begin PBXShellScriptBuildPhase section */
		444892E7C7FD70FC49A11D5A /* [CP-User] Hummer-before-hooks */ = {
			isa = PBXShellScriptBuildPhase;
			buildActionMask = 2147483647;
			files = (
			);
			name = "[CP-User] Hummer-before-hooks";
			runOnlyForDeploymentPostprocessing = 0;
			shellPath = /bin/sh;
			shellScript = "if [ -f \"${PODS_ROOT}/hummer_before_hooks.sh\" ];then\n  bash \"${PODS_ROOT}/hummer_before_hooks.sh\"\nfi\n";
		};
		679826BF8E0B41B0BC4528D8 /* [CP-User] Hummer-after-hooks */ = {
			isa = PBXShellScriptBuildPhase;
			buildActionMask = 2147483647;
			files = (
			);
			name = "[CP-User] Hummer-after-hooks";
			runOnlyForDeploymentPostprocessing = 0;
			shellPath = /bin/sh;
			shellScript = "if [ -f \"${PODS_ROOT}/hummer_after_hooks.sh\" ];then\n  bash \"${PODS_ROOT}/hummer_after_hooks.sh\"\nfi\n";
		};
		7E359E60FBBBCB2A6B359E82 /* [CP] Copy Pods Resources */ = {
			isa = PBXShellScriptBuildPhase;
			buildActionMask = 2147483647;
			files = (
			);
			inputFileListPaths = (
				"${PODS_ROOT}/Target Support Files/Pods-LiveStreaming/Pods-LiveStreaming-resources-${CONFIGURATION}-input-files.xcfilelist",
			);
			name = "[CP] Copy Pods Resources";
			outputFileListPaths = (
				"${PODS_ROOT}/Target Support Files/Pods-LiveStreaming/Pods-LiveStreaming-resources-${CONFIGURATION}-output-files.xcfilelist",
			);
			runOnlyForDeploymentPostprocessing = 0;
			shellPath = /bin/sh;
			shellScript = "\"${PODS_ROOT}/Target Support Files/Pods-LiveStreaming/Pods-LiveStreaming-resources.sh\"\n";
			showEnvVarsInLog = 0;
		};
		D1B011160B57B991B0B20BF6 /* [CP] Embed Pods Frameworks */ = {
			isa = PBXShellScriptBuildPhase;
			buildActionMask = 2147483647;
			files = (
			);
			inputFileListPaths = (
				"${PODS_ROOT}/Target Support Files/Pods-LiveStreaming/Pods-LiveStreaming-frameworks-${CONFIGURATION}-input-files.xcfilelist",
			);
			name = "[CP] Embed Pods Frameworks";
			outputFileListPaths = (
				"${PODS_ROOT}/Target Support Files/Pods-LiveStreaming/Pods-LiveStreaming-frameworks-${CONFIGURATION}-output-files.xcfilelist",
			);
			runOnlyForDeploymentPostprocessing = 0;
			shellPath = /bin/sh;
			shellScript = "\"${PODS_ROOT}/Target Support Files/Pods-LiveStreaming/Pods-LiveStreaming-frameworks.sh\"\n";
			showEnvVarsInLog = 0;
		};
		E6C35134705C790D7167857B /* [CP] Check Pods Manifest.lock */ = {
			isa = PBXShellScriptBuildPhase;
			buildActionMask = 2147483647;
			files = (
			);
			inputFileListPaths = (
			);
			inputPaths = (
				"${PODS_PODFILE_DIR_PATH}/Podfile.lock",
				"${PODS_ROOT}/Manifest.lock",
			);
			name = "[CP] Check Pods Manifest.lock";
			outputFileListPaths = (
			);
			outputPaths = (
				"$(DERIVED_FILE_DIR)/Pods-LiveStreaming-checkManifestLockResult.txt",
			);
			runOnlyForDeploymentPostprocessing = 0;
			shellPath = /bin/sh;
			shellScript = "diff \"${PODS_PODFILE_DIR_PATH}/Podfile.lock\" \"${PODS_ROOT}/Manifest.lock\" > /dev/null\nif [ $? != 0 ] ; then\n    # print error to STDERR\n    echo \"error: The sandbox is not in sync with the Podfile.lock. Run 'pod install' or update your CocoaPods installation.\" >&2\n    exit 1\nfi\n# This output is used by Xcode 'outputs' to avoid re-running this script phase.\necho \"SUCCESS\" > \"${SCRIPT_OUTPUT_FILE_0}\"\n";
			showEnvVarsInLog = 0;
		};
/* End PBXShellScriptBuildPhase section */

/* Begin PBXSourcesBuildPhase section */
		48D1CE3A28C8CFB700B559CB /* Sources */ = {
			isa = PBXSourcesBuildPhase;
			buildActionMask = 2147483647;
			files = (
				48D1CE4928C8CFB700B559CB /* ViewController.m in Sources */,
				48D1CE4328C8CFB700B559CB /* AppDelegate.m in Sources */,
				48D1CE5428C8CFB900B559CB /* main.m in Sources */,
				48D1CE4628C8CFB700B559CB /* SceneDelegate.m in Sources */,
			);
			runOnlyForDeploymentPostprocessing = 0;
		};
		48F09F252A2F0F3800121E90 /* Sources */ = {
			isa = PBXSourcesBuildPhase;
			buildActionMask = 2147483647;
			files = (
				48F09F2F2A2F0F3800121E90 /* SampleHandler.m in Sources */,
			);
			runOnlyForDeploymentPostprocessing = 0;
		};
/* End PBXSourcesBuildPhase section */

/* Begin PBXTargetDependency section */
		48F09F322A2F0F3800121E90 /* PBXTargetDependency */ = {
			isa = PBXTargetDependency;
			target = 48F09F282A2F0F3800121E90 /* RecordExtension */;
			targetProxy = 48F09F312A2F0F3800121E90 /* PBXContainerItemProxy */;
		};
/* End PBXTargetDependency section */

/* Begin PBXVariantGroup section */
		48D1CE4A28C8CFB700B559CB /* Main.storyboard */ = {
			isa = PBXVariantGroup;
			children = (
				48D1CE4B28C8CFB700B559CB /* Base */,
			);
			name = Main.storyboard;
			sourceTree = "<group>";
		};
		48D1CE4F28C8CFB900B559CB /* LaunchScreen.storyboard */ = {
			isa = PBXVariantGroup;
			children = (
				48D1CE5028C8CFB900B559CB /* Base */,
			);
			name = LaunchScreen.storyboard;
			sourceTree = "<group>";
		};
/* End PBXVariantGroup section */

/* Begin XCBuildConfiguration section */
		48D1CE5528C8CFB900B559CB /* Debug */ = {
			isa = XCBuildConfiguration;
			buildSettings = {
				ALWAYS_SEARCH_USER_PATHS = NO;
				CLANG_ANALYZER_NONNULL = YES;
				CLANG_ANALYZER_NUMBER_OBJECT_CONVERSION = YES_AGGRESSIVE;
				CLANG_CXX_LANGUAGE_STANDARD = "gnu++17";
				CLANG_ENABLE_MODULES = YES;
				CLANG_ENABLE_OBJC_ARC = YES;
				CLANG_ENABLE_OBJC_WEAK = YES;
				CLANG_WARN_BLOCK_CAPTURE_AUTORELEASING = YES;
				CLANG_WARN_BOOL_CONVERSION = YES;
				CLANG_WARN_COMMA = YES;
				CLANG_WARN_CONSTANT_CONVERSION = YES;
				CLANG_WARN_DEPRECATED_OBJC_IMPLEMENTATIONS = YES;
				CLANG_WARN_DIRECT_OBJC_ISA_USAGE = YES_ERROR;
				CLANG_WARN_DOCUMENTATION_COMMENTS = YES;
				CLANG_WARN_EMPTY_BODY = YES;
				CLANG_WARN_ENUM_CONVERSION = YES;
				CLANG_WARN_INFINITE_RECURSION = YES;
				CLANG_WARN_INT_CONVERSION = YES;
				CLANG_WARN_NON_LITERAL_NULL_CONVERSION = YES;
				CLANG_WARN_OBJC_IMPLICIT_RETAIN_SELF = YES;
				CLANG_WARN_OBJC_LITERAL_CONVERSION = YES;
				CLANG_WARN_OBJC_ROOT_CLASS = YES_ERROR;
				CLANG_WARN_QUOTED_INCLUDE_IN_FRAMEWORK_HEADER = YES;
				CLANG_WARN_RANGE_LOOP_ANALYSIS = YES;
				CLANG_WARN_STRICT_PROTOTYPES = YES;
				CLANG_WARN_SUSPICIOUS_MOVE = YES;
				CLANG_WARN_UNGUARDED_AVAILABILITY = YES_AGGRESSIVE;
				CLANG_WARN_UNREACHABLE_CODE = YES;
				CLANG_WARN__DUPLICATE_METHOD_MATCH = YES;
				COPY_PHASE_STRIP = NO;
				DEBUG_INFORMATION_FORMAT = dwarf;
				ENABLE_STRICT_OBJC_MSGSEND = YES;
				ENABLE_TESTABILITY = YES;
				GCC_C_LANGUAGE_STANDARD = gnu11;
				GCC_DYNAMIC_NO_PIC = NO;
				GCC_NO_COMMON_BLOCKS = YES;
				GCC_OPTIMIZATION_LEVEL = 0;
				GCC_PREPROCESSOR_DEFINITIONS = (
					"DEBUG=1",
					"$(inherited)",
				);
				GCC_WARN_64_TO_32_BIT_CONVERSION = YES;
				GCC_WARN_ABOUT_RETURN_TYPE = YES_ERROR;
				GCC_WARN_UNDECLARED_SELECTOR = YES;
				GCC_WARN_UNINITIALIZED_AUTOS = YES_AGGRESSIVE;
				GCC_WARN_UNUSED_FUNCTION = YES;
				GCC_WARN_UNUSED_VARIABLE = YES;
				IPHONEOS_DEPLOYMENT_TARGET = 9.0;
				MTL_ENABLE_DEBUG_INFO = INCLUDE_SOURCE;
				MTL_FAST_MATH = YES;
				ONLY_ACTIVE_ARCH = YES;
				SDKROOT = iphoneos;
			};
			name = Debug;
		};
		48D1CE5628C8CFB900B559CB /* Release */ = {
			isa = XCBuildConfiguration;
			buildSettings = {
				ALWAYS_SEARCH_USER_PATHS = NO;
				CLANG_ANALYZER_NONNULL = YES;
				CLANG_ANALYZER_NUMBER_OBJECT_CONVERSION = YES_AGGRESSIVE;
				CLANG_CXX_LANGUAGE_STANDARD = "gnu++17";
				CLANG_ENABLE_MODULES = YES;
				CLANG_ENABLE_OBJC_ARC = YES;
				CLANG_ENABLE_OBJC_WEAK = YES;
				CLANG_WARN_BLOCK_CAPTURE_AUTORELEASING = YES;
				CLANG_WARN_BOOL_CONVERSION = YES;
				CLANG_WARN_COMMA = YES;
				CLANG_WARN_CONSTANT_CONVERSION = YES;
				CLANG_WARN_DEPRECATED_OBJC_IMPLEMENTATIONS = YES;
				CLANG_WARN_DIRECT_OBJC_ISA_USAGE = YES_ERROR;
				CLANG_WARN_DOCUMENTATION_COMMENTS = YES;
				CLANG_WARN_EMPTY_BODY = YES;
				CLANG_WARN_ENUM_CONVERSION = YES;
				CLANG_WARN_INFINITE_RECURSION = YES;
				CLANG_WARN_INT_CONVERSION = YES;
				CLANG_WARN_NON_LITERAL_NULL_CONVERSION = YES;
				CLANG_WARN_OBJC_IMPLICIT_RETAIN_SELF = YES;
				CLANG_WARN_OBJC_LITERAL_CONVERSION = YES;
				CLANG_WARN_OBJC_ROOT_CLASS = YES_ERROR;
				CLANG_WARN_QUOTED_INCLUDE_IN_FRAMEWORK_HEADER = YES;
				CLANG_WARN_RANGE_LOOP_ANALYSIS = YES;
				CLANG_WARN_STRICT_PROTOTYPES = YES;
				CLANG_WARN_SUSPICIOUS_MOVE = YES;
				CLANG_WARN_UNGUARDED_AVAILABILITY = YES_AGGRESSIVE;
				CLANG_WARN_UNREACHABLE_CODE = YES;
				CLANG_WARN__DUPLICATE_METHOD_MATCH = YES;
				COPY_PHASE_STRIP = NO;
				DEBUG_INFORMATION_FORMAT = "dwarf-with-dsym";
				ENABLE_NS_ASSERTIONS = NO;
				ENABLE_STRICT_OBJC_MSGSEND = YES;
				GCC_C_LANGUAGE_STANDARD = gnu11;
				GCC_NO_COMMON_BLOCKS = YES;
				GCC_WARN_64_TO_32_BIT_CONVERSION = YES;
				GCC_WARN_ABOUT_RETURN_TYPE = YES_ERROR;
				GCC_WARN_UNDECLARED_SELECTOR = YES;
				GCC_WARN_UNINITIALIZED_AUTOS = YES_AGGRESSIVE;
				GCC_WARN_UNUSED_FUNCTION = YES;
				GCC_WARN_UNUSED_VARIABLE = YES;
				IPHONEOS_DEPLOYMENT_TARGET = 9.0;
				MTL_ENABLE_DEBUG_INFO = NO;
				MTL_FAST_MATH = YES;
				SDKROOT = iphoneos;
				VALIDATE_PRODUCT = YES;
			};
			name = Release;
		};
		48D1CE5828C8CFB900B559CB /* Debug */ = {
			isa = XCBuildConfiguration;
			baseConfigurationReference = ABF03F4CBB672491848C1686 /* Pods-LiveStreaming.debug.xcconfig */;
			buildSettings = {
				ASSETCATALOG_COMPILER_APPICON_NAME = AppIcon;
				ASSETCATALOG_COMPILER_GLOBAL_ACCENT_COLOR_NAME = AccentColor;
				CODE_SIGN_ENTITLEMENTS = LiveStreaming/LiveStreaming.entitlements;
				CODE_SIGN_IDENTITY = "iPhone Developer";
				CODE_SIGN_STYLE = Manual;
				CURRENT_PROJECT_VERSION = 1;
				DEVELOPMENT_TEAM = 3XMD9D6A65;
				"DEVELOPMENT_TEAM[sdk=iphoneos*]" = 3XMD9D6A65;
				ENABLE_BITCODE = NO;
				GENERATE_INFOPLIST_FILE = YES;
				INFOPLIST_FILE = LiveStreaming/Info.plist;
				INFOPLIST_KEY_NSCameraUsageDescription = "App 需要获取您的相机权限，用于采集直播视频";
				INFOPLIST_KEY_NSMicrophoneUsageDescription = "App 需要获取您的麦克风权限，用于采集直播声音";
				INFOPLIST_KEY_NSPhotoLibraryUsageDescription = "App 需要获取您的相册权限，用于将本地图片、视频合入直播流";
				INFOPLIST_KEY_UIApplicationSupportsIndirectInputEvents = YES;
				INFOPLIST_KEY_UILaunchStoryboardName = LaunchScreen;
				INFOPLIST_KEY_UIMainStoryboardFile = Main;
				INFOPLIST_KEY_UISupportedInterfaceOrientations_iPad = "UIInterfaceOrientationPortrait UIInterfaceOrientationPortraitUpsideDown UIInterfaceOrientationLandscapeLeft UIInterfaceOrientationLandscapeRight";
				INFOPLIST_KEY_UISupportedInterfaceOrientations_iPhone = "UIInterfaceOrientationPortrait UIInterfaceOrientationLandscapeLeft UIInterfaceOrientationLandscapeRight";
				IPHONEOS_DEPLOYMENT_TARGET = 11;
				LD_RUNPATH_SEARCH_PATHS = (
					"$(inherited)",
					"@executable_path/Frameworks",
				);
				MARKETING_VERSION = 1.0;
				OTHER_LDFLAGS = (
					"-ld64",
					"$(inherited)",
				);
				PRODUCT_BUNDLE_IDENTIFIER = com.bytedance.videoarch.TTLiveStream;
				PRODUCT_NAME = "$(TARGET_NAME)";
				PROVISIONING_PROFILE_SPECIFIER = Wildcard;
				"PROVISIONING_PROFILE_SPECIFIER[sdk=iphoneos*]" = "TTLiveStream-Dev";
				SWIFT_EMIT_LOC_STRINGS = YES;
				TARGETED_DEVICE_FAMILY = "1,2";
			};
			name = Debug;
		};
		48D1CE5928C8CFB900B559CB /* Release */ = {
			isa = XCBuildConfiguration;
			baseConfigurationReference = EF7C5AF5354F51A470B1FE86 /* Pods-LiveStreaming.release.xcconfig */;
			buildSettings = {
				ASSETCATALOG_COMPILER_APPICON_NAME = AppIcon;
				ASSETCATALOG_COMPILER_GLOBAL_ACCENT_COLOR_NAME = AccentColor;
				CODE_SIGN_ENTITLEMENTS = LiveStreaming/LiveStreaming.entitlements;
				CODE_SIGN_IDENTITY = "Apple Distribution";
				CODE_SIGN_STYLE = Manual;
				CURRENT_PROJECT_VERSION = 1;
				DEVELOPMENT_TEAM = 3XMD9D6A65;
				ENABLE_BITCODE = NO;
				GENERATE_INFOPLIST_FILE = YES;
				INFOPLIST_FILE = LiveStreaming/Info.plist;
				INFOPLIST_KEY_NSCameraUsageDescription = "App 需要获取您的相机权限，用于采集直播视频";
				INFOPLIST_KEY_NSMicrophoneUsageDescription = "App 需要获取您的麦克风权限，用于采集直播声音";
				INFOPLIST_KEY_NSPhotoLibraryUsageDescription = "App 需要获取您的相册权限，用于将本地图片、视频合入直播流";
				INFOPLIST_KEY_UIApplicationSupportsIndirectInputEvents = YES;
				INFOPLIST_KEY_UILaunchStoryboardName = LaunchScreen;
				INFOPLIST_KEY_UIMainStoryboardFile = Main;
				INFOPLIST_KEY_UISupportedInterfaceOrientations_iPad = "UIInterfaceOrientationPortrait UIInterfaceOrientationPortraitUpsideDown UIInterfaceOrientationLandscapeLeft UIInterfaceOrientationLandscapeRight";
				INFOPLIST_KEY_UISupportedInterfaceOrientations_iPhone = "UIInterfaceOrientationPortrait UIInterfaceOrientationLandscapeLeft UIInterfaceOrientationLandscapeRight";
				IPHONEOS_DEPLOYMENT_TARGET = 11;
				LD_RUNPATH_SEARCH_PATHS = (
					"$(inherited)",
					"@executable_path/Frameworks",
				);
				MARKETING_VERSION = 1.0;
				OTHER_LDFLAGS = (
					"-ld64",
					"$(inherited)",
				);
				PRODUCT_BUNDLE_IDENTIFIER = com.bytedance.videoarch.TTLiveStream;
				PRODUCT_NAME = "$(TARGET_NAME)";
				PROVISIONING_PROFILE_SPECIFIER = "TTLiveStream-Dist";
				SWIFT_EMIT_LOC_STRINGS = YES;
				TARGETED_DEVICE_FAMILY = "1,2";
			};
			name = Release;
		};
		48F09F352A2F0F3800121E90 /* Debug */ = {
			isa = XCBuildConfiguration;
			buildSettings = {
				CLANG_CXX_LANGUAGE_STANDARD = "gnu++20";
				CODE_SIGN_ENTITLEMENTS = RecordExtension/RecordExtension.entitlements;
				CODE_SIGN_IDENTITY = "iPhone Developer";
				CODE_SIGN_STYLE = Manual;
				CURRENT_PROJECT_VERSION = 1;
				DEVELOPMENT_TEAM = "";
				"DEVELOPMENT_TEAM[sdk=iphoneos*]" = 3XMD9D6A65;
				GENERATE_INFOPLIST_FILE = YES;
				INFOPLIST_FILE = RecordExtension/Info.plist;
				INFOPLIST_KEY_CFBundleDisplayName = RecordExtension;
				INFOPLIST_KEY_NSHumanReadableCopyright = "";
				IPHONEOS_DEPLOYMENT_TARGET = 12.0;
				LD_RUNPATH_SEARCH_PATHS = (
					"$(inherited)",
					"@executable_path/Frameworks",
					"@executable_path/../../Frameworks",
				);
				MARKETING_VERSION = 1.0;
				PRODUCT_BUNDLE_IDENTIFIER = com.bytedance.videoarch.TTLiveStream.TTLVRecordExtension;
				PRODUCT_NAME = "$(TARGET_NAME)";
				PROVISIONING_PROFILE_SPECIFIER = "";
				"PROVISIONING_PROFILE_SPECIFIER[sdk=iphoneos*]" = TTLVRecordExtension;
				SKIP_INSTALL = YES;
				SWIFT_EMIT_LOC_STRINGS = YES;
				TARGETED_DEVICE_FAMILY = "1,2";
			};
			name = Debug;
		};
		48F09F362A2F0F3800121E90 /* Release */ = {
			isa = XCBuildConfiguration;
			buildSettings = {
				CLANG_CXX_LANGUAGE_STANDARD = "gnu++20";
				CODE_SIGN_ENTITLEMENTS = RecordExtension/RecordExtension.entitlements;
				CODE_SIGN_IDENTITY = "iPhone Distribution";
				CODE_SIGN_STYLE = Manual;
				CURRENT_PROJECT_VERSION = 1;
				DEVELOPMENT_TEAM = 3XMD9D6A65;
				GENERATE_INFOPLIST_FILE = YES;
				INFOPLIST_FILE = RecordExtension/Info.plist;
				INFOPLIST_KEY_CFBundleDisplayName = RecordExtension;
				INFOPLIST_KEY_NSHumanReadableCopyright = "";
				IPHONEOS_DEPLOYMENT_TARGET = 12.0;
				LD_RUNPATH_SEARCH_PATHS = (
					"$(inherited)",
					"@executable_path/Frameworks",
					"@executable_path/../../Frameworks",
				);
				MARKETING_VERSION = 1.0;
				PRODUCT_BUNDLE_IDENTIFIER = com.bytedance.videoarch.TTLiveStream.TTLVRecordExtension;
				PRODUCT_NAME = "$(TARGET_NAME)";
				PROVISIONING_PROFILE_SPECIFIER = "TTLVRecordExtension Dist";
				SKIP_INSTALL = YES;
				SWIFT_EMIT_LOC_STRINGS = YES;
				TARGETED_DEVICE_FAMILY = "1,2";
			};
			name = Release;
		};
/* End XCBuildConfiguration section */

/* Begin XCConfigurationList section */
		48D1CE3928C8CFB700B559CB /* Build configuration list for PBXProject "LiveStreaming" */ = {
			isa = XCConfigurationList;
			buildConfigurations = (
				48D1CE5528C8CFB900B559CB /* Debug */,
				48D1CE5628C8CFB900B559CB /* Release */,
			);
			defaultConfigurationIsVisible = 0;
			defaultConfigurationName = Release;
		};
		48D1CE5728C8CFB900B559CB /* Build configuration list for PBXNativeTarget "LiveStreaming" */ = {
			isa = XCConfigurationList;
			buildConfigurations = (
				48D1CE5828C8CFB900B559CB /* Debug */,
				48D1CE5928C8CFB900B559CB /* Release */,
			);
			defaultConfigurationIsVisible = 0;
			defaultConfigurationName = Release;
		};
		48F09F372A2F0F3800121E90 /* Build configuration list for PBXNativeTarget "RecordExtension" */ = {
			isa = XCConfigurationList;
			buildConfigurations = (
				48F09F352A2F0F3800121E90 /* Debug */,
				48F09F362A2F0F3800121E90 /* Release */,
			);
			defaultConfigurationIsVisible = 0;
			defaultConfigurationName = Release;
		};
/* End XCConfigurationList section */
	};
	rootObject = 48D1CE3628C8CFB700B559CB /* Project object */;
}
