// !$*UTF8*$!
{
	archiveVersion = 1;
	classes = {
	};
	objectVersion = 56;
	objects = {

/* Begin PBXBuildFile section */
		485966DE2BBBF44D00900A76 /* cover.png in Resources */ = {isa = PBXBuildFile; fileRef = 485966DD2BBBF44D00900A76 /* cover.png */; };
		487121CA2BB66E6F00996518 /* AppDelegate.m in Sources */ = {isa = PBXBuildFile; fileRef = 487121C92BB66E6F00996518 /* AppDelegate.m */; };
		487121CD2BB66E6F00996518 /* SceneDelegate.m in Sources */ = {isa = PBXBuildFile; fileRef = 487121CC2BB66E6F00996518 /* SceneDelegate.m */; };
		487121D02BB66E6F00996518 /* ViewController.m in Sources */ = {isa = PBXBuildFile; fileRef = 487121CF2BB66E6F00996518 /* ViewController.m */; };
		487121D32BB66E6F00996518 /* Main.storyboard in Resources */ = {isa = PBXBuildFile; fileRef = 487121D12BB66E6F00996518 /* Main.storyboard */; };
		487121D52BB66E7100996518 /* Assets.xcassets in Resources */ = {isa = PBXBuildFile; fileRef = 487121D42BB66E7100996518 /* Assets.xcassets */; };
		487121D82BB66E7100996518 /* LaunchScreen.storyboard in Resources */ = {isa = PBXBuildFile; fileRef = 487121D62BB66E7100996518 /* LaunchScreen.storyboard */; };
		487121DB2BB66E7100996518 /* main.m in Sources */ = {isa = PBXBuildFile; fileRef = 487121DA2BB66E7100996518 /* main.m */; };
		C8CBC693A3D54E33BA178BCF /* libPods-TwoBasePlayer.a in Frameworks */ = {isa = PBXBuildFile; fileRef = 87889D931849C27B727D5E40 /* libPods-TwoBasePlayer.a */; };
/* End PBXBuildFile section */

/* Begin PBXFileReference section */
		2F548A9DAB2C29C1119A5EE2 /* Pods-TwoBasePlayer.release.xcconfig */ = {isa = PBXFileReference; includeInIndex = 1; lastKnownFileType = text.xcconfig; name = "Pods-TwoBasePlayer.release.xcconfig"; path = "Target Support Files/Pods-TwoBasePlayer/Pods-TwoBasePlayer.release.xcconfig"; sourceTree = "<group>"; };
		485966DD2BBBF44D00900A76 /* cover.png */ = {isa = PBXFileReference; lastKnownFileType = image.png; path = cover.png; sourceTree = "<group>"; };
		487121C52BB66E6F00996518 /* TwoBasePlayer.app */ = {isa = PBXFileReference; explicitFileType = wrapper.application; includeInIndex = 0; path = TwoBasePlayer.app; sourceTree = BUILT_PRODUCTS_DIR; };
		487121C82BB66E6F00996518 /* AppDelegate.h */ = {isa = PBXFileReference; lastKnownFileType = sourcecode.c.h; path = AppDelegate.h; sourceTree = "<group>"; };
		487121C92BB66E6F00996518 /* AppDelegate.m */ = {isa = PBXFileReference; lastKnownFileType = sourcecode.c.objc; path = AppDelegate.m; sourceTree = "<group>"; };
		487121CB2BB66E6F00996518 /* SceneDelegate.h */ = {isa = PBXFileReference; lastKnownFileType = sourcecode.c.h; path = SceneDelegate.h; sourceTree = "<group>"; };
		487121CC2BB66E6F00996518 /* SceneDelegate.m */ = {isa = PBXFileReference; lastKnownFileType = sourcecode.c.objc; path = SceneDelegate.m; sourceTree = "<group>"; };
		487121CE2BB66E6F00996518 /* ViewController.h */ = {isa = PBXFileReference; lastKnownFileType = sourcecode.c.h; path = ViewController.h; sourceTree = "<group>"; };
		487121CF2BB66E6F00996518 /* ViewController.m */ = {isa = PBXFileReference; lastKnownFileType = sourcecode.c.objc; path = ViewController.m; sourceTree = "<group>"; };
		487121D22BB66E6F00996518 /* Base */ = {isa = PBXFileReference; lastKnownFileType = file.storyboard; name = Base; path = Base.lproj/Main.storyboard; sourceTree = "<group>"; };
		487121D42BB66E7100996518 /* Assets.xcassets */ = {isa = PBXFileReference; lastKnownFileType = folder.assetcatalog; path = Assets.xcassets; sourceTree = "<group>"; };
		487121D72BB66E7100996518 /* Base */ = {isa = PBXFileReference; lastKnownFileType = file.storyboard; name = Base; path = Base.lproj/LaunchScreen.storyboard; sourceTree = "<group>"; };
		487121D92BB66E7100996518 /* Info.plist */ = {isa = PBXFileReference; lastKnownFileType = text.plist.xml; path = Info.plist; sourceTree = "<group>"; };
		487121DA2BB66E7100996518 /* main.m */ = {isa = PBXFileReference; lastKnownFileType = sourcecode.c.objc; path = main.m; sourceTree = "<group>"; };
		649D15C32016361109D231FD /* Pods-TwoBasePlayer.debug.xcconfig */ = {isa = PBXFileReference; includeInIndex = 1; lastKnownFileType = text.xcconfig; name = "Pods-TwoBasePlayer.debug.xcconfig"; path = "Target Support Files/Pods-TwoBasePlayer/Pods-TwoBasePlayer.debug.xcconfig"; sourceTree = "<group>"; };
		87889D931849C27B727D5E40 /* libPods-TwoBasePlayer.a */ = {isa = PBXFileReference; explicitFileType = archive.ar; includeInIndex = 0; path = "libPods-TwoBasePlayer.a"; sourceTree = BUILT_PRODUCTS_DIR; };
/* End PBXFileReference section */

/* Begin PBXFrameworksBuildPhase section */
		487121C22BB66E6F00996518 /* Frameworks */ = {
			isa = PBXFrameworksBuildPhase;
			buildActionMask = 2147483647;
			files = (
				C8CBC693A3D54E33BA178BCF /* libPods-TwoBasePlayer.a in Frameworks */,
			);
			runOnlyForDeploymentPostprocessing = 0;
		};
/* End PBXFrameworksBuildPhase section */

/* Begin PBXGroup section */
		487121BC2BB66E6F00996518 = {
			isa = PBXGroup;
			children = (
				487121C72BB66E6F00996518 /* TwoBasePlayer */,
				487121C62BB66E6F00996518 /* Products */,
				9F477E5FF99E5520CF72AC34 /* Pods */,
				993CE0B04457E6BA419B7F08 /* Frameworks */,
			);
			sourceTree = "<group>";
		};
		487121C62BB66E6F00996518 /* Products */ = {
			isa = PBXGroup;
			children = (
				487121C52BB66E6F00996518 /* TwoBasePlayer.app */,
			);
			name = Products;
			sourceTree = "<group>";
		};
		487121C72BB66E6F00996518 /* TwoBasePlayer */ = {
			isa = PBXGroup;
			children = (
				485966DD2BBBF44D00900A76 /* cover.png */,
				487121C82BB66E6F00996518 /* AppDelegate.h */,
				487121C92BB66E6F00996518 /* AppDelegate.m */,
				487121CB2BB66E6F00996518 /* SceneDelegate.h */,
				487121CC2BB66E6F00996518 /* SceneDelegate.m */,
				487121CE2BB66E6F00996518 /* ViewController.h */,
				487121CF2BB66E6F00996518 /* ViewController.m */,
				487121D12BB66E6F00996518 /* Main.storyboard */,
				487121D42BB66E7100996518 /* Assets.xcassets */,
				487121D62BB66E7100996518 /* LaunchScreen.storyboard */,
				487121D92BB66E7100996518 /* Info.plist */,
				487121DA2BB66E7100996518 /* main.m */,
			);
			path = TwoBasePlayer;
			sourceTree = "<group>";
		};
		993CE0B04457E6BA419B7F08 /* Frameworks */ = {
			isa = PBXGroup;
			children = (
				87889D931849C27B727D5E40 /* libPods-TwoBasePlayer.a */,
			);
			name = Frameworks;
			sourceTree = "<group>";
		};
		9F477E5FF99E5520CF72AC34 /* Pods */ = {
			isa = PBXGroup;
			children = (
				649D15C32016361109D231FD /* Pods-TwoBasePlayer.debug.xcconfig */,
				2F548A9DAB2C29C1119A5EE2 /* Pods-TwoBasePlayer.release.xcconfig */,
			);
			path = Pods;
			sourceTree = "<group>";
		};
/* End PBXGroup section */

/* Begin PBXNativeTarget section */
		487121C42BB66E6F00996518 /* TwoBasePlayer */ = {
			isa = PBXNativeTarget;
			buildConfigurationList = 487121DE2BB66E7100996518 /* Build configuration list for PBXNativeTarget "TwoBasePlayer" */;
			buildPhases = (
				C2DAF85A13CAB69A4CE3E847 /* [CP] Check Pods Manifest.lock */,
				487121C12BB66E6F00996518 /* Sources */,
				487121C22BB66E6F00996518 /* Frameworks */,
				487121C32BB66E6F00996518 /* Resources */,
				1F6B82D8D145D30C4D69E65E /* [CP] Embed Pods Frameworks */,
				13E799CB4E6B32F443B2DA8B /* [CP] Copy Pods Resources */,
			);
			buildRules = (
			);
			dependencies = (
			);
			name = TwoBasePlayer;
			productName = TwoBasePlayer;
			productReference = 487121C52BB66E6F00996518 /* TwoBasePlayer.app */;
			productType = "com.apple.product-type.application";
		};
/* End PBXNativeTarget section */

/* Begin PBXProject section */
		487121BD2BB66E6F00996518 /* Project object */ = {
			isa = PBXProject;
			attributes = {
				BuildIndependentTargetsInParallel = 1;
				LastUpgradeCheck = 1520;
				TargetAttributes = {
					487121C42BB66E6F00996518 = {
						CreatedOnToolsVersion = 15.2;
					};
				};
			};
			buildConfigurationList = 487121C02BB66E6F00996518 /* Build configuration list for PBXProject "TwoBasePlayer" */;
			compatibilityVersion = "Xcode 14.0";
			developmentRegion = en;
			hasScannedForEncodings = 0;
			knownRegions = (
				en,
				Base,
			);
			mainGroup = 487121BC2BB66E6F00996518;
			productRefGroup = 487121C62BB66E6F00996518 /* Products */;
			projectDirPath = "";
			projectRoot = "";
			targets = (
				487121C42BB66E6F00996518 /* TwoBasePlayer */,
			);
		};
/* End PBXProject section */

/* Begin PBXResourcesBuildPhase section */
		487121C32BB66E6F00996518 /* Resources */ = {
			isa = PBXResourcesBuildPhase;
			buildActionMask = 2147483647;
			files = (
				485966DE2BBBF44D00900A76 /* cover.png in Resources */,
				487121D82BB66E7100996518 /* LaunchScreen.storyboard in Resources */,
				487121D52BB66E7100996518 /* Assets.xcassets in Resources */,
				487121D32BB66E6F00996518 /* Main.storyboard in Resources */,
			);
			runOnlyForDeploymentPostprocessing = 0;
		};
/* End PBXResourcesBuildPhase section */

/* Begin PBXShellScriptBuildPhase section */
		13E799CB4E6B32F443B2DA8B /* [CP] Copy Pods Resources */ = {
			isa = PBXShellScriptBuildPhase;
			buildActionMask = 2147483647;
			files = (
			);
			inputFileListPaths = (
				"${PODS_ROOT}/Target Support Files/Pods-TwoBasePlayer/Pods-TwoBasePlayer-resources-${CONFIGURATION}-input-files.xcfilelist",
			);
			name = "[CP] Copy Pods Resources";
			outputFileListPaths = (
				"${PODS_ROOT}/Target Support Files/Pods-TwoBasePlayer/Pods-TwoBasePlayer-resources-${CONFIGURATION}-output-files.xcfilelist",
			);
			runOnlyForDeploymentPostprocessing = 0;
			shellPath = /bin/sh;
			shellScript = "\"${PODS_ROOT}/Target Support Files/Pods-TwoBasePlayer/Pods-TwoBasePlayer-resources.sh\"\n";
			showEnvVarsInLog = 0;
		};
		1F6B82D8D145D30C4D69E65E /* [CP] Embed Pods Frameworks */ = {
			isa = PBXShellScriptBuildPhase;
			buildActionMask = 2147483647;
			files = (
			);
			inputFileListPaths = (
				"${PODS_ROOT}/Target Support Files/Pods-TwoBasePlayer/Pods-TwoBasePlayer-frameworks-${CONFIGURATION}-input-files.xcfilelist",
			);
			name = "[CP] Embed Pods Frameworks";
			outputFileListPaths = (
				"${PODS_ROOT}/Target Support Files/Pods-TwoBasePlayer/Pods-TwoBasePlayer-frameworks-${CONFIGURATION}-output-files.xcfilelist",
			);
			runOnlyForDeploymentPostprocessing = 0;
			shellPath = /bin/sh;
			shellScript = "\"${PODS_ROOT}/Target Support Files/Pods-TwoBasePlayer/Pods-TwoBasePlayer-frameworks.sh\"\n";
			showEnvVarsInLog = 0;
		};
		C2DAF85A13CAB69A4CE3E847 /* [CP] Check Pods Manifest.lock */ = {
			isa = PBXShellScriptBuildPhase;
			buildActionMask = 2147483647;
			files = (
			);
			inputFileListPaths = (
			);
			inputPaths = (
				"${PODS_PODFILE_DIR_PATH}/Podfile.lock",
				"${PODS_ROOT}/Manifest.lock",
			);
			name = "[CP] Check Pods Manifest.lock";
			outputFileListPaths = (
			);
			outputPaths = (
				"$(DERIVED_FILE_DIR)/Pods-TwoBasePlayer-checkManifestLockResult.txt",
			);
			runOnlyForDeploymentPostprocessing = 0;
			shellPath = /bin/sh;
			shellScript = "diff \"${PODS_PODFILE_DIR_PATH}/Podfile.lock\" \"${PODS_ROOT}/Manifest.lock\" > /dev/null\nif [ $? != 0 ] ; then\n    # print error to STDERR\n    echo \"error: The sandbox is not in sync with the Podfile.lock. Run 'pod install' or update your CocoaPods installation.\" >&2\n    exit 1\nfi\n# This output is used by Xcode 'outputs' to avoid re-running this script phase.\necho \"SUCCESS\" > \"${SCRIPT_OUTPUT_FILE_0}\"\n";
			showEnvVarsInLog = 0;
		};
/* End PBXShellScriptBuildPhase section */

/* Begin PBXSourcesBuildPhase section */
		487121C12BB66E6F00996518 /* Sources */ = {
			isa = PBXSourcesBuildPhase;
			buildActionMask = 2147483647;
			files = (
				487121D02BB66E6F00996518 /* ViewController.m in Sources */,
				487121CA2BB66E6F00996518 /* AppDelegate.m in Sources */,
				487121DB2BB66E7100996518 /* main.m in Sources */,
				487121CD2BB66E6F00996518 /* SceneDelegate.m in Sources */,
			);
			runOnlyForDeploymentPostprocessing = 0;
		};
/* End PBXSourcesBuildPhase section */

/* Begin PBXVariantGroup section */
		487121D12BB66E6F00996518 /* Main.storyboard */ = {
			isa = PBXVariantGroup;
			children = (
				487121D22BB66E6F00996518 /* Base */,
			);
			name = Main.storyboard;
			sourceTree = "<group>";
		};
		487121D62BB66E7100996518 /* LaunchScreen.storyboard */ = {
			isa = PBXVariantGroup;
			children = (
				487121D72BB66E7100996518 /* Base */,
			);
			name = LaunchScreen.storyboard;
			sourceTree = "<group>";
		};
/* End PBXVariantGroup section */

/* Begin XCBuildConfiguration section */
		487121DC2BB66E7100996518 /* Debug */ = {
			isa = XCBuildConfiguration;
			buildSettings = {
				ALWAYS_SEARCH_USER_PATHS = NO;
				ASSETCATALOG_COMPILER_GENERATE_SWIFT_ASSET_SYMBOL_EXTENSIONS = YES;
				CLANG_ANALYZER_NONNULL = YES;
				CLANG_ANALYZER_NUMBER_OBJECT_CONVERSION = YES_AGGRESSIVE;
				CLANG_CXX_LANGUAGE_STANDARD = "gnu++20";
				CLANG_ENABLE_MODULES = YES;
				CLANG_ENABLE_OBJC_ARC = YES;
				CLANG_ENABLE_OBJC_WEAK = YES;
				CLANG_WARN_BLOCK_CAPTURE_AUTORELEASING = YES;
				CLANG_WARN_BOOL_CONVERSION = YES;
				CLANG_WARN_COMMA = YES;
				CLANG_WARN_CONSTANT_CONVERSION = YES;
				CLANG_WARN_DEPRECATED_OBJC_IMPLEMENTATIONS = YES;
				CLANG_WARN_DIRECT_OBJC_ISA_USAGE = YES_ERROR;
				CLANG_WARN_DOCUMENTATION_COMMENTS = YES;
				CLANG_WARN_EMPTY_BODY = YES;
				CLANG_WARN_ENUM_CONVERSION = YES;
				CLANG_WARN_INFINITE_RECURSION = YES;
				CLANG_WARN_INT_CONVERSION = YES;
				CLANG_WARN_NON_LITERAL_NULL_CONVERSION = YES;
				CLANG_WARN_OBJC_IMPLICIT_RETAIN_SELF = YES;
				CLANG_WARN_OBJC_LITERAL_CONVERSION = YES;
				CLANG_WARN_OBJC_ROOT_CLASS = YES_ERROR;
				CLANG_WARN_QUOTED_INCLUDE_IN_FRAMEWORK_HEADER = YES;
				CLANG_WARN_RANGE_LOOP_ANALYSIS = YES;
				CLANG_WARN_STRICT_PROTOTYPES = YES;
				CLANG_WARN_SUSPICIOUS_MOVE = YES;
				CLANG_WARN_UNGUARDED_AVAILABILITY = YES_AGGRESSIVE;
				CLANG_WARN_UNREACHABLE_CODE = YES;
				CLANG_WARN__DUPLICATE_METHOD_MATCH = YES;
				COPY_PHASE_STRIP = NO;
				DEBUG_INFORMATION_FORMAT = dwarf;
				ENABLE_STRICT_OBJC_MSGSEND = YES;
				ENABLE_TESTABILITY = YES;
				ENABLE_USER_SCRIPT_SANDBOXING = YES;
				GCC_C_LANGUAGE_STANDARD = gnu17;
				GCC_DYNAMIC_NO_PIC = NO;
				GCC_NO_COMMON_BLOCKS = YES;
				GCC_OPTIMIZATION_LEVEL = 0;
				GCC_PREPROCESSOR_DEFINITIONS = (
					"DEBUG=1",
					"$(inherited)",
				);
				GCC_WARN_64_TO_32_BIT_CONVERSION = YES;
				GCC_WARN_ABOUT_RETURN_TYPE = YES_ERROR;
				GCC_WARN_UNDECLARED_SELECTOR = YES;
				GCC_WARN_UNINITIALIZED_AUTOS = YES_AGGRESSIVE;
				GCC_WARN_UNUSED_FUNCTION = YES;
				GCC_WARN_UNUSED_VARIABLE = YES;
				IPHONEOS_DEPLOYMENT_TARGET = 17.2;
				LOCALIZATION_PREFERS_STRING_CATALOGS = YES;
				MTL_ENABLE_DEBUG_INFO = INCLUDE_SOURCE;
				MTL_FAST_MATH = YES;
				ONLY_ACTIVE_ARCH = YES;
				SDKROOT = iphoneos;
			};
			name = Debug;
		};
		487121DD2BB66E7100996518 /* Release */ = {
			isa = XCBuildConfiguration;
			buildSettings = {
				ALWAYS_SEARCH_USER_PATHS = NO;
				ASSETCATALOG_COMPILER_GENERATE_SWIFT_ASSET_SYMBOL_EXTENSIONS = YES;
				CLANG_ANALYZER_NONNULL = YES;
				CLANG_ANALYZER_NUMBER_OBJECT_CONVERSION = YES_AGGRESSIVE;
				CLANG_CXX_LANGUAGE_STANDARD = "gnu++20";
				CLANG_ENABLE_MODULES = YES;
				CLANG_ENABLE_OBJC_ARC = YES;
				CLANG_ENABLE_OBJC_WEAK = YES;
				CLANG_WARN_BLOCK_CAPTURE_AUTORELEASING = YES;
				CLANG_WARN_BOOL_CONVERSION = YES;
				CLANG_WARN_COMMA = YES;
				CLANG_WARN_CONSTANT_CONVERSION = YES;
				CLANG_WARN_DEPRECATED_OBJC_IMPLEMENTATIONS = YES;
				CLANG_WARN_DIRECT_OBJC_ISA_USAGE = YES_ERROR;
				CLANG_WARN_DOCUMENTATION_COMMENTS = YES;
				CLANG_WARN_EMPTY_BODY = YES;
				CLANG_WARN_ENUM_CONVERSION = YES;
				CLANG_WARN_INFINITE_RECURSION = YES;
				CLANG_WARN_INT_CONVERSION = YES;
				CLANG_WARN_NON_LITERAL_NULL_CONVERSION = YES;
				CLANG_WARN_OBJC_IMPLICIT_RETAIN_SELF = YES;
				CLANG_WARN_OBJC_LITERAL_CONVERSION = YES;
				CLANG_WARN_OBJC_ROOT_CLASS = YES_ERROR;
				CLANG_WARN_QUOTED_INCLUDE_IN_FRAMEWORK_HEADER = YES;
				CLANG_WARN_RANGE_LOOP_ANALYSIS = YES;
				CLANG_WARN_STRICT_PROTOTYPES = YES;
				CLANG_WARN_SUSPICIOUS_MOVE = YES;
				CLANG_WARN_UNGUARDED_AVAILABILITY = YES_AGGRESSIVE;
				CLANG_WARN_UNREACHABLE_CODE = YES;
				CLANG_WARN__DUPLICATE_METHOD_MATCH = YES;
				COPY_PHASE_STRIP = NO;
				DEBUG_INFORMATION_FORMAT = "dwarf-with-dsym";
				ENABLE_NS_ASSERTIONS = NO;
				ENABLE_STRICT_OBJC_MSGSEND = YES;
				ENABLE_USER_SCRIPT_SANDBOXING = YES;
				GCC_C_LANGUAGE_STANDARD = gnu17;
				GCC_NO_COMMON_BLOCKS = YES;
				GCC_WARN_64_TO_32_BIT_CONVERSION = YES;
				GCC_WARN_ABOUT_RETURN_TYPE = YES_ERROR;
				GCC_WARN_UNDECLARED_SELECTOR = YES;
				GCC_WARN_UNINITIALIZED_AUTOS = YES_AGGRESSIVE;
				GCC_WARN_UNUSED_FUNCTION = YES;
				GCC_WARN_UNUSED_VARIABLE = YES;
				IPHONEOS_DEPLOYMENT_TARGET = 17.2;
				LOCALIZATION_PREFERS_STRING_CATALOGS = YES;
				MTL_ENABLE_DEBUG_INFO = NO;
				MTL_FAST_MATH = YES;
				SDKROOT = iphoneos;
				VALIDATE_PRODUCT = YES;
			};
			name = Release;
		};
		487121DF2BB66E7100996518 /* Debug */ = {
			isa = XCBuildConfiguration;
			baseConfigurationReference = 649D15C32016361109D231FD /* Pods-TwoBasePlayer.debug.xcconfig */;
			buildSettings = {
				ASSETCATALOG_COMPILER_APPICON_NAME = AppIcon;
				ASSETCATALOG_COMPILER_GLOBAL_ACCENT_COLOR_NAME = AccentColor;
				CODE_SIGN_STYLE = Automatic;
				CURRENT_PROJECT_VERSION = 1;
				DEVELOPMENT_TEAM = 3XMD9D6A65;
				ENABLE_USER_SCRIPT_SANDBOXING = NO;
				GENERATE_INFOPLIST_FILE = YES;
				INFOPLIST_FILE = TwoBasePlayer/Info.plist;
				INFOPLIST_KEY_UIApplicationSupportsIndirectInputEvents = YES;
				INFOPLIST_KEY_UILaunchStoryboardName = LaunchScreen;
				INFOPLIST_KEY_UIMainStoryboardFile = Main;
				INFOPLIST_KEY_UISupportedInterfaceOrientations_iPad = "UIInterfaceOrientationPortrait UIInterfaceOrientationPortraitUpsideDown UIInterfaceOrientationLandscapeLeft UIInterfaceOrientationLandscapeRight";
				INFOPLIST_KEY_UISupportedInterfaceOrientations_iPhone = "UIInterfaceOrientationPortrait UIInterfaceOrientationLandscapeLeft UIInterfaceOrientationLandscapeRight";
				LD_RUNPATH_SEARCH_PATHS = (
					"$(inherited)",
					"@executable_path/Frameworks",
				);
				MARKETING_VERSION = 1.0;
				PRODUCT_BUNDLE_IDENTIFIER = com.bytedance.videoarch.TTLiveStream;
				PRODUCT_NAME = "$(TARGET_NAME)";
				SWIFT_EMIT_LOC_STRINGS = YES;
				TARGETED_DEVICE_FAMILY = "1,2";
			};
			name = Debug;
		};
		487121E02BB66E7100996518 /* Release */ = {
			isa = XCBuildConfiguration;
			baseConfigurationReference = 2F548A9DAB2C29C1119A5EE2 /* Pods-TwoBasePlayer.release.xcconfig */;
			buildSettings = {
				ASSETCATALOG_COMPILER_APPICON_NAME = AppIcon;
				ASSETCATALOG_COMPILER_GLOBAL_ACCENT_COLOR_NAME = AccentColor;
				CODE_SIGN_STYLE = Automatic;
				CURRENT_PROJECT_VERSION = 1;
				DEVELOPMENT_TEAM = 3XMD9D6A65;
				ENABLE_USER_SCRIPT_SANDBOXING = NO;
				GENERATE_INFOPLIST_FILE = YES;
				INFOPLIST_FILE = TwoBasePlayer/Info.plist;
				INFOPLIST_KEY_UIApplicationSupportsIndirectInputEvents = YES;
				INFOPLIST_KEY_UILaunchStoryboardName = LaunchScreen;
				INFOPLIST_KEY_UIMainStoryboardFile = Main;
				INFOPLIST_KEY_UISupportedInterfaceOrientations_iPad = "UIInterfaceOrientationPortrait UIInterfaceOrientationPortraitUpsideDown UIInterfaceOrientationLandscapeLeft UIInterfaceOrientationLandscapeRight";
				INFOPLIST_KEY_UISupportedInterfaceOrientations_iPhone = "UIInterfaceOrientationPortrait UIInterfaceOrientationLandscapeLeft UIInterfaceOrientationLandscapeRight";
				LD_RUNPATH_SEARCH_PATHS = (
					"$(inherited)",
					"@executable_path/Frameworks",
				);
				MARKETING_VERSION = 1.0;
				PRODUCT_BUNDLE_IDENTIFIER = com.bytedance.videoarch.TTLiveStream;
				PRODUCT_NAME = "$(TARGET_NAME)";
				SWIFT_EMIT_LOC_STRINGS = YES;
				TARGETED_DEVICE_FAMILY = "1,2";
			};
			name = Release;
		};
/* End XCBuildConfiguration section */

/* Begin XCConfigurationList section */
		487121C02BB66E6F00996518 /* Build configuration list for PBXProject "TwoBasePlayer" */ = {
			isa = XCConfigurationList;
			buildConfigurations = (
				487121DC2BB66E7100996518 /* Debug */,
				487121DD2BB66E7100996518 /* Release */,
			);
			defaultConfigurationIsVisible = 0;
			defaultConfigurationName = Release;
		};
		487121DE2BB66E7100996518 /* Build configuration list for PBXNativeTarget "TwoBasePlayer" */ = {
			isa = XCConfigurationList;
			buildConfigurations = (
				487121DF2BB66E7100996518 /* Debug */,
				487121E02BB66E7100996518 /* Release */,
			);
			defaultConfigurationIsVisible = 0;
			defaultConfigurationName = Release;
		};
/* End XCConfigurationList section */
	};
	rootObject = 487121BD2BB66E6F00996518 /* Project object */;
}
